// !$*UTF8*$!
{
	archiveVersion = 1;
	classes = {
	};
	objectVersion = 77;
	objects = {

/* Begin PBXBuildFile section */
		070B4FC874B1F11E4FE129F2 /* UserProgress.swift in Sources */ = {isa = PBXBuildFile; fileRef = 08F17A75F8DD7A54675942E5 /* UserProgress.swift */; };
		088103B8D974A2F8DE1E28FC /* PuzzleService.swift in Sources */ = {isa = PBXBuildFile; fileRef = C3F4D143AF28580E3116C551 /* PuzzleService.swift */; };
		0B8E1ABBAC95FBA925C3240A /* AdService.swift in Sources */ = {isa = PBXBuildFile; fileRef = 89A5AA31839D9742A8813708 /* AdService.swift */; };
		0F4D0F06F2871D93A5971D66 /* WOTDService.swift in Sources */ = {isa = PBXBuildFile; fileRef = B177E26DA370EE3E70A3AE71 /* WOTDService.swift */; };
		12F4BB3A1E916C935E5EF05C /* wotd_bank.json in Resources */ = {isa = PBXBuildFile; fileRef = F569FF3E6EA42765B5DF8BE0 /* wotd_bank.json */; };
		1A33F0E2A27C8655A7EC1169 /* ArchiveView.swift in Sources */ = {isa = PBXBuildFile; fileRef = C04183F74CDB201495780052 /* ArchiveView.swift */; };
		1F8E63FA4E04BE88867A007A /* StatsService.swift in Sources */ = {isa = PBXBuildFile; fileRef = BA0D59E4BD856AB23C420258 /* StatsService.swift */; };
		23C508E11AEAC11EB4805C43 /* BackwordStats.swift in Sources */ = {isa = PBXBuildFile; fileRef = BE5EF9E62508439541B4BA91 /* BackwordStats.swift */; };
		25F7206FBD57BB972F0142A2 /* CellView.swift in Sources */ = {isa = PBXBuildFile; fileRef = 7C326BE4F25C5AB53AAF1C2A /* CellView.swift */; };
		2C3B9A04126AEDB18BC41F80 /* ZoomableView.swift in Sources */ = {isa = PBXBuildFile; fileRef = 2A6B0538282A205FFCBEBF05 /* ZoomableView.swift */; };
		2CFA06279678E630761B04F3 /* BackwordView.swift in Sources */ = {isa = PBXBuildFile; fileRef = BA56AA58F2DCB57D9632639E /* BackwordView.swift */; };
		334397CB60E6BB217770C1F1 /* BackwordCard.swift in Sources */ = {isa = PBXBuildFile; fileRef = 7A7E4B916FC492A9DB0AEAD8 /* BackwordCard.swift */; };
		33C7332819F661FC91ABC2E3 /* BackwordWord.swift in Sources */ = {isa = PBXBuildFile; fileRef = CFCE068166F99D077D5A44BC /* BackwordWord.swift */; };
		35CDC87AE0F404C335F46F60 /* BackwordProgress.swift in Sources */ = {isa = PBXBuildFile; fileRef = 71B1471CC2A702EF35E9DE0F /* BackwordProgress.swift */; };
		38663AD663E35E37535CCBAF /* WordOfTheDay.swift in Sources */ = {isa = PBXBuildFile; fileRef = 9530B3F0E4B95208704A6E50 /* WordOfTheDay.swift */; };
		44A9D1540B0C139E453F0D2A /* UserStats.swift in Sources */ = {isa = PBXBuildFile; fileRef = 4072C107A7532C8725B714F3 /* UserStats.swift */; };
		479C66EA37C1CB080A013EE1 /* WOTDDetailView.swift in Sources */ = {isa = PBXBuildFile; fileRef = 2239C90337ABD0C792B480DB /* WOTDDetailView.swift */; };
		4E83F3AEEA3608C534D6D22B /* Assets.xcassets in Resources */ = {isa = PBXBuildFile; fileRef = 9DBEC370EFFB7380B84F74E9 /* Assets.xcassets */; };
		4EB1A907DC702C4DB5A9ECF3 /* StoreService.swift in Sources */ = {isa = PBXBuildFile; fileRef = 436196EA27FA017EE7D2475F /* StoreService.swift */; };
		4F29ABB6EC65AA0BEB5F04B3 /* PuzzleGridView.swift in Sources */ = {isa = PBXBuildFile; fileRef = 0D95A0993EBA02FD4775E01B /* PuzzleGridView.swift */; };
		5690B10E135B83E9B0FA0019 /* AppSettings.swift in Sources */ = {isa = PBXBuildFile; fileRef = FF799B02A25C552F1650003D /* AppSettings.swift */; };
		57BCFE8089A711DB0D3D18C7 /* BackwordViewModel.swift in Sources */ = {isa = PBXBuildFile; fileRef = EE6FFF29E2E2022278C72377 /* BackwordViewModel.swift */; };
		585227152E049E7F5B1C2368 /* StatsView.swift in Sources */ = {isa = PBXBuildFile; fileRef = 21F1A654C21C7766547A8DB3 /* StatsView.swift */; };
		619E5E0F45D924C5082C2394 /* PuzzleView.swift in Sources */ = {isa = PBXBuildFile; fileRef = DE3D6F22462257FD00545EC0 /* PuzzleView.swift */; };
		65EBC7BBF032978250BD1EFC /* ClueListView.swift in Sources */ = {isa = PBXBuildFile; fileRef = BBA7D9E0E05B0C464E5CC128 /* ClueListView.swift */; };
		6881907E1FDABEF94E8B7A4F /* BackwordLetterCell.swift in Sources */ = {isa = PBXBuildFile; fileRef = F13E2159E0371E3597931A2E /* BackwordLetterCell.swift */; };
		6EBA3E03AEEF55DD65C4AC70 /* HomeViewModel.swift in Sources */ = {isa = PBXBuildFile; fileRef = ECC73C42C4B5624541C6145F /* HomeViewModel.swift */; };
		7439F1A63D54ABA2F679B0F8 /* CacheService.swift in Sources */ = {isa = PBXBuildFile; fileRef = 5ADBB2CCC3AA2C61B28321DD /* CacheService.swift */; };
		78A471F46893EA74AE9180FC /* BackwordViewModelTests.swift in Sources */ = {isa = PBXBuildFile; fileRef = 44D9675A422C4016610B9B01 /* BackwordViewModelTests.swift */; };
		78B351B096333CA2F262011F /* BackwordGuessRow.swift in Sources */ = {isa = PBXBuildFile; fileRef = A8D4EF8275B9FC34C3BC95B6 /* BackwordGuessRow.swift */; };
		7F87FA3DEB72CFE7FFB6BCEE /* CompletionView.swift in Sources */ = {isa = PBXBuildFile; fileRef = 4BF15C657AD1A3A058592EFE /* CompletionView.swift */; };
		826047383A697EAD3867B0F1 /* DebugSettingsView.swift in Sources */ = {isa = PBXBuildFile; fileRef = 0157A66EA7E56159A65F65A6 /* DebugSettingsView.swift */; };
		880F9FA0C0AED52CF1DF0FEB /* AppTheme.swift in Sources */ = {isa = PBXBuildFile; fileRef = 760B9E180A144EF9F5A0EAAA /* AppTheme.swift */; };
		9B214B58BD15ADC7A9DA5C37 /* CrosswordsApp.swift in Sources */ = {isa = PBXBuildFile; fileRef = D8B06770CD5FC62F83516BB3 /* CrosswordsApp.swift */; };
		A006116EEC348C09BA7967EF /* GameViewModel.swift in Sources */ = {isa = PBXBuildFile; fileRef = 2D5ED0EB04709FDE5AFF6097 /* GameViewModel.swift */; };
		AA594AF2329430771900B083 /* CrosswordsProducts.storekit in Resources */ = {isa = PBXBuildFile; fileRef = 41BEF53462C64B7D34CD714A /* CrosswordsProducts.storekit */; };
		B8CD8F1B215BC3B1944010B4 /* HomeView.swift in Sources */ = {isa = PBXBuildFile; fileRef = DDE1BEAA834A2C11283278DC /* HomeView.swift */; };
		B9C8249E70428B93E1057D14 /* BackwordService.swift in Sources */ = {isa = PBXBuildFile; fileRef = 6531471F8436464AFA638740 /* BackwordService.swift */; };
		C40337EFB0CBCE668533BEAE /* MiniGridPattern.swift in Sources */ = {isa = PBXBuildFile; fileRef = 773C09339B13325BB6B2EB84 /* MiniGridPattern.swift */; };
		CF47D18B9EBF6FA87446E053 /* HapticsEngine.swift in Sources */ = {isa = PBXBuildFile; fileRef = 0BEA465775FDCD76EB3D459B /* HapticsEngine.swift */; };
		D19D047D7B8848178E0E5AA8 /* SettingsView.swift in Sources */ = {isa = PBXBuildFile; fileRef = C72FB10B8B22ED922802DD18 /* SettingsView.swift */; };
		D44EAAD3B0E756CE20A44DB3 /* KeyboardInputView.swift in Sources */ = {isa = PBXBuildFile; fileRef = 772BFD567B8BA32D90C3A2E0 /* KeyboardInputView.swift */; };
		E1E2BA5AF259229354350F1D /* ClueBarView.swift in Sources */ = {isa = PBXBuildFile; fileRef = 174303FEBEF1BD7E73B7D31B /* ClueBarView.swift */; };
		E3AF0AC0F317EE4AF43D466B /* PaywallView.swift in Sources */ = {isa = PBXBuildFile; fileRef = E1440F9CF5D6B7CCEEFB9394 /* PaywallView.swift */; };
		F339B918E44F0B5065990E9E /* Puzzle.swift in Sources */ = {isa = PBXBuildFile; fileRef = 2729D69673F179C051B0E947 /* Puzzle.swift */; };
		F50B014933F62266DF83C88A /* GoogleMobileAds in Frameworks */ = {isa = PBXBuildFile; productRef = 4EA37F6E92EDCE14F3F6C5C4 /* GoogleMobileAds */; };
/* End PBXBuildFile section */

/* Begin PBXContainerItemProxy section */
		B55F1E5799487EDBFD90A55C /* PBXContainerItemProxy */ = {
			isa = PBXContainerItemProxy;
			containerPortal = 494B91A8816CE9D6372E1887 /* Project object */;
			proxyType = 1;
			remoteGlobalIDString = 1DE372E6017DADAF73CA546C;
			remoteInfo = Crosswords;
		};
/* End PBXContainerItemProxy section */

/* Begin PBXFileReference section */
		0157A66EA7E56159A65F65A6 /* DebugSettingsView.swift */ = {isa = PBXFileReference; lastKnownFileType = sourcecode.swift; path = DebugSettingsView.swift; sourceTree = "<group>"; };
		08F17A75F8DD7A54675942E5 /* UserProgress.swift */ = {isa = PBXFileReference; lastKnownFileType = sourcecode.swift; path = UserProgress.swift; sourceTree = "<group>"; };
		0BEA465775FDCD76EB3D459B /* HapticsEngine.swift */ = {isa = PBXFileReference; lastKnownFileType = sourcecode.swift; path = HapticsEngine.swift; sourceTree = "<group>"; };
		0D95A0993EBA02FD4775E01B /* PuzzleGridView.swift */ = {isa = PBXFileReference; lastKnownFileType = sourcecode.swift; path = PuzzleGridView.swift; sourceTree = "<group>"; };
		174303FEBEF1BD7E73B7D31B /* ClueBarView.swift */ = {isa = PBXFileReference; lastKnownFileType = sourcecode.swift; path = ClueBarView.swift; sourceTree = "<group>"; };
		21F1A654C21C7766547A8DB3 /* StatsView.swift */ = {isa = PBXFileReference; lastKnownFileType = sourcecode.swift; path = StatsView.swift; sourceTree = "<group>"; };
		2239C90337ABD0C792B480DB /* WOTDDetailView.swift */ = {isa = PBXFileReference; lastKnownFileType = sourcecode.swift; path = WOTDDetailView.swift; sourceTree = "<group>"; };
		2729D69673F179C051B0E947 /* Puzzle.swift */ = {isa = PBXFileReference; lastKnownFileType = sourcecode.swift; path = Puzzle.swift; sourceTree = "<group>"; };
		2A6B0538282A205FFCBEBF05 /* ZoomableView.swift */ = {isa = PBXFileReference; lastKnownFileType = sourcecode.swift; path = ZoomableView.swift; sourceTree = "<group>"; };
		2D5ED0EB04709FDE5AFF6097 /* GameViewModel.swift */ = {isa = PBXFileReference; lastKnownFileType = sourcecode.swift; path = GameViewModel.swift; sourceTree = "<group>"; };
		3725D4EA76436EF4FD60D7DB /* Info.plist */ = {isa = PBXFileReference; lastKnownFileType = text.plist; path = Info.plist; sourceTree = "<group>"; };
		4072C107A7532C8725B714F3 /* UserStats.swift */ = {isa = PBXFileReference; lastKnownFileType = sourcecode.swift; path = UserStats.swift; sourceTree = "<group>"; };
		41BEF53462C64B7D34CD714A /* CrosswordsProducts.storekit */ = {isa = PBXFileReference; lastKnownFileType = text; path = CrosswordsProducts.storekit; sourceTree = "<group>"; };
		436196EA27FA017EE7D2475F /* StoreService.swift */ = {isa = PBXFileReference; lastKnownFileType = sourcecode.swift; path = StoreService.swift; sourceTree = "<group>"; };
		44D9675A422C4016610B9B01 /* BackwordViewModelTests.swift */ = {isa = PBXFileReference; lastKnownFileType = sourcecode.swift; path = BackwordViewModelTests.swift; sourceTree = "<group>"; };
		4BF15C657AD1A3A058592EFE /* CompletionView.swift */ = {isa = PBXFileReference; lastKnownFileType = sourcecode.swift; path = CompletionView.swift; sourceTree = "<group>"; };
		5ADBB2CCC3AA2C61B28321DD /* CacheService.swift */ = {isa = PBXFileReference; lastKnownFileType = sourcecode.swift; path = CacheService.swift; sourceTree = "<group>"; };
		6389C3B428CCAD9D23FD8AAE /* Crosswords.app */ = {isa = PBXFileReference; includeInIndex = 0; lastKnownFileType = wrapper.application; path = Crosswords.app; sourceTree = BUILT_PRODUCTS_DIR; };
		6531471F8436464AFA638740 /* BackwordService.swift */ = {isa = PBXFileReference; lastKnownFileType = sourcecode.swift; path = BackwordService.swift; sourceTree = "<group>"; };
		71B1471CC2A702EF35E9DE0F /* BackwordProgress.swift */ = {isa = PBXFileReference; lastKnownFileType = sourcecode.swift; path = BackwordProgress.swift; sourceTree = "<group>"; };
		760B9E180A144EF9F5A0EAAA /* AppTheme.swift */ = {isa = PBXFileReference; lastKnownFileType = sourcecode.swift; path = AppTheme.swift; sourceTree = "<group>"; };
		772BFD567B8BA32D90C3A2E0 /* KeyboardInputView.swift */ = {isa = PBXFileReference; lastKnownFileType = sourcecode.swift; path = KeyboardInputView.swift; sourceTree = "<group>"; };
		773C09339B13325BB6B2EB84 /* MiniGridPattern.swift */ = {isa = PBXFileReference; lastKnownFileType = sourcecode.swift; path = MiniGridPattern.swift; sourceTree = "<group>"; };
		7A7E4B916FC492A9DB0AEAD8 /* BackwordCard.swift */ = {isa = PBXFileReference; lastKnownFileType = sourcecode.swift; path = BackwordCard.swift; sourceTree = "<group>"; };
		7C326BE4F25C5AB53AAF1C2A /* CellView.swift */ = {isa = PBXFileReference; lastKnownFileType = sourcecode.swift; path = CellView.swift; sourceTree = "<group>"; };
		89A5AA31839D9742A8813708 /* AdService.swift */ = {isa = PBXFileReference; lastKnownFileType = sourcecode.swift; path = AdService.swift; sourceTree = "<group>"; };
		93BEC82860C1F248972267F5 /* CrosswordsTests.xctest */ = {isa = PBXFileReference; includeInIndex = 0; lastKnownFileType = wrapper.cfbundle; path = CrosswordsTests.xctest; sourceTree = BUILT_PRODUCTS_DIR; };
		9530B3F0E4B95208704A6E50 /* WordOfTheDay.swift */ = {isa = PBXFileReference; lastKnownFileType = sourcecode.swift; path = WordOfTheDay.swift; sourceTree = "<group>"; };
		9DBEC370EFFB7380B84F74E9 /* Assets.xcassets */ = {isa = PBXFileReference; lastKnownFileType = folder.assetcatalog; path = Assets.xcassets; sourceTree = "<group>"; };
		A8D4EF8275B9FC34C3BC95B6 /* BackwordGuessRow.swift */ = {isa = PBXFileReference; lastKnownFileType = sourcecode.swift; path = BackwordGuessRow.swift; sourceTree = "<group>"; };
		B177E26DA370EE3E70A3AE71 /* WOTDService.swift */ = {isa = PBXFileReference; lastKnownFileType = sourcecode.swift; path = WOTDService.swift; sourceTree = "<group>"; };
		BA0D59E4BD856AB23C420258 /* StatsService.swift */ = {isa = PBXFileReference; lastKnownFileType = sourcecode.swift; path = StatsService.swift; sourceTree = "<group>"; };
		BA56AA58F2DCB57D9632639E /* BackwordView.swift */ = {isa = PBXFileReference; lastKnownFileType = sourcecode.swift; path = BackwordView.swift; sourceTree = "<group>"; };
		BBA7D9E0E05B0C464E5CC128 /* ClueListView.swift */ = {isa = PBXFileReference; lastKnownFileType = sourcecode.swift; path = ClueListView.swift; sourceTree = "<group>"; };
		BE5EF9E62508439541B4BA91 /* BackwordStats.swift */ = {isa = PBXFileReference; lastKnownFileType = sourcecode.swift; path = BackwordStats.swift; sourceTree = "<group>"; };
		C04183F74CDB201495780052 /* ArchiveView.swift */ = {isa = PBXFileReference; lastKnownFileType = sourcecode.swift; path = ArchiveView.swift; sourceTree = "<group>"; };
		C3F4D143AF28580E3116C551 /* PuzzleService.swift */ = {isa = PBXFileReference; lastKnownFileType = sourcecode.swift; path = PuzzleService.swift; sourceTree = "<group>"; };
		C72FB10B8B22ED922802DD18 /* SettingsView.swift */ = {isa = PBXFileReference; lastKnownFileType = sourcecode.swift; path = SettingsView.swift; sourceTree = "<group>"; };
		CFCE068166F99D077D5A44BC /* BackwordWord.swift */ = {isa = PBXFileReference; lastKnownFileType = sourcecode.swift; path = BackwordWord.swift; sourceTree = "<group>"; };
		D8B06770CD5FC62F83516BB3 /* CrosswordsApp.swift */ = {isa = PBXFileReference; lastKnownFileType = sourcecode.swift; path = CrosswordsApp.swift; sourceTree = "<group>"; };
		DDE1BEAA834A2C11283278DC /* HomeView.swift */ = {isa = PBXFileReference; lastKnownFileType = sourcecode.swift; path = HomeView.swift; sourceTree = "<group>"; };
		DE3D6F22462257FD00545EC0 /* PuzzleView.swift */ = {isa = PBXFileReference; lastKnownFileType = sourcecode.swift; path = PuzzleView.swift; sourceTree = "<group>"; };
		E1440F9CF5D6B7CCEEFB9394 /* PaywallView.swift */ = {isa = PBXFileReference; lastKnownFileType = sourcecode.swift; path = PaywallView.swift; sourceTree = "<group>"; };
		ECC73C42C4B5624541C6145F /* HomeViewModel.swift */ = {isa = PBXFileReference; lastKnownFileType = sourcecode.swift; path = HomeViewModel.swift; sourceTree = "<group>"; };
		EE6FFF29E2E2022278C72377 /* BackwordViewModel.swift */ = {isa = PBXFileReference; lastKnownFileType = sourcecode.swift; path = BackwordViewModel.swift; sourceTree = "<group>"; };
		F13E2159E0371E3597931A2E /* BackwordLetterCell.swift */ = {isa = PBXFileReference; lastKnownFileType = sourcecode.swift; path = BackwordLetterCell.swift; sourceTree = "<group>"; };
		F569FF3E6EA42765B5DF8BE0 /* wotd_bank.json */ = {isa = PBXFileReference; lastKnownFileType = text.json; path = wotd_bank.json; sourceTree = "<group>"; };
		FF799B02A25C552F1650003D /* AppSettings.swift */ = {isa = PBXFileReference; lastKnownFileType = sourcecode.swift; path = AppSettings.swift; sourceTree = "<group>"; };
/* End PBXFileReference section */

/* Begin PBXFrameworksBuildPhase section */
		F2DD309A469A26018575D312 /* Frameworks */ = {
			isa = PBXFrameworksBuildPhase;
			buildActionMask = 2147483647;
			files = (
				F50B014933F62266DF83C88A /* GoogleMobileAds in Frameworks */,
			);
			runOnlyForDeploymentPostprocessing = 0;
		};
/* End PBXFrameworksBuildPhase section */

/* Begin PBXGroup section */
		238573093061A564C6DD35CA /* Products */ = {
			isa = PBXGroup;
			children = (
				6389C3B428CCAD9D23FD8AAE /* Crosswords.app */,
				93BEC82860C1F248972267F5 /* CrosswordsTests.xctest */,
			);
			name = Products;
			sourceTree = "<group>";
		};
		2EB3997AA43B01BCAE8A60F8 /* Models */ = {
			isa = PBXGroup;
			children = (
				FF799B02A25C552F1650003D /* AppSettings.swift */,
				71B1471CC2A702EF35E9DE0F /* BackwordProgress.swift */,
				BE5EF9E62508439541B4BA91 /* BackwordStats.swift */,
				CFCE068166F99D077D5A44BC /* BackwordWord.swift */,
				2729D69673F179C051B0E947 /* Puzzle.swift */,
				08F17A75F8DD7A54675942E5 /* UserProgress.swift */,
				4072C107A7532C8725B714F3 /* UserStats.swift */,
				9530B3F0E4B95208704A6E50 /* WordOfTheDay.swift */,
			);
			path = Models;
			sourceTree = "<group>";
		};
		5C53FD232585B5E240C94373 /* ViewModels */ = {
			isa = PBXGroup;
			children = (
				EE6FFF29E2E2022278C72377 /* BackwordViewModel.swift */,
				2D5ED0EB04709FDE5AFF6097 /* GameViewModel.swift */,
				ECC73C42C4B5624541C6145F /* HomeViewModel.swift */,
			);
			path = ViewModels;
			sourceTree = "<group>";
		};
		6888A481F58783B7E725C8E0 /* Views */ = {
			isa = PBXGroup;
			children = (
				B913046B1F5E61DAE84343E6 /* Backword */,
				C04183F74CDB201495780052 /* ArchiveView.swift */,
				7C326BE4F25C5AB53AAF1C2A /* CellView.swift */,
				174303FEBEF1BD7E73B7D31B /* ClueBarView.swift */,
				BBA7D9E0E05B0C464E5CC128 /* ClueListView.swift */,
				4BF15C657AD1A3A058592EFE /* CompletionView.swift */,
				0157A66EA7E56159A65F65A6 /* DebugSettingsView.swift */,
				DDE1BEAA834A2C11283278DC /* HomeView.swift */,
				772BFD567B8BA32D90C3A2E0 /* KeyboardInputView.swift */,
				773C09339B13325BB6B2EB84 /* MiniGridPattern.swift */,
				E1440F9CF5D6B7CCEEFB9394 /* PaywallView.swift */,
				0D95A0993EBA02FD4775E01B /* PuzzleGridView.swift */,
				DE3D6F22462257FD00545EC0 /* PuzzleView.swift */,
				C72FB10B8B22ED922802DD18 /* SettingsView.swift */,
				21F1A654C21C7766547A8DB3 /* StatsView.swift */,
				2239C90337ABD0C792B480DB /* WOTDDetailView.swift */,
				2A6B0538282A205FFCBEBF05 /* ZoomableView.swift */,
			);
			path = Views;
			sourceTree = "<group>";
		};
		80FB40E4367E5A11D4B766DB /* Crosswords */ = {
			isa = PBXGroup;
			children = (
				B1BF5D25FBCBA70821EFF746 /* App */,
				CFFBBEC7A7469B60FD2D603D /* Configuration */,
				2EB3997AA43B01BCAE8A60F8 /* Models */,
				D564066C233303CB0BD33495 /* Resources */,
				FD31EF66F4A8EEDF7CDC3DC8 /* Services */,
				B1A425BA4FFE791CA6602DF8 /* Theme */,
				5C53FD232585B5E240C94373 /* ViewModels */,
				6888A481F58783B7E725C8E0 /* Views */,
				3725D4EA76436EF4FD60D7DB /* Info.plist */,
			);
			path = Crosswords;
			sourceTree = "<group>";
		};
		83E133F36245EF5F8ED785E1 /* CrosswordsTests */ = {
			isa = PBXGroup;
			children = (
				44D9675A422C4016610B9B01 /* BackwordViewModelTests.swift */,
			);
			path = CrosswordsTests;
			sourceTree = "<group>";
		};
		B1A425BA4FFE791CA6602DF8 /* Theme */ = {
			isa = PBXGroup;
			children = (
				760B9E180A144EF9F5A0EAAA /* AppTheme.swift */,
			);
			path = Theme;
			sourceTree = "<group>";
		};
		B1BF5D25FBCBA70821EFF746 /* App */ = {
			isa = PBXGroup;
			children = (
				D8B06770CD5FC62F83516BB3 /* CrosswordsApp.swift */,
			);
			path = App;
			sourceTree = "<group>";
		};
		B913046B1F5E61DAE84343E6 /* Backword */ = {
			isa = PBXGroup;
			children = (
				7A7E4B916FC492A9DB0AEAD8 /* BackwordCard.swift */,
				A8D4EF8275B9FC34C3BC95B6 /* BackwordGuessRow.swift */,
				F13E2159E0371E3597931A2E /* BackwordLetterCell.swift */,
				BA56AA58F2DCB57D9632639E /* BackwordView.swift */,
			);
			path = Backword;
			sourceTree = "<group>";
		};
		CFFBBEC7A7469B60FD2D603D /* Configuration */ = {
			isa = PBXGroup;
			children = (
				41BEF53462C64B7D34CD714A /* CrosswordsProducts.storekit */,
			);
			path = Configuration;
			sourceTree = "<group>";
		};
		D564066C233303CB0BD33495 /* Resources */ = {
			isa = PBXGroup;
			children = (
				9DBEC370EFFB7380B84F74E9 /* Assets.xcassets */,
				F569FF3E6EA42765B5DF8BE0 /* wotd_bank.json */,
			);
			path = Resources;
			sourceTree = "<group>";
		};
		F8082B6F6AC22DAB13FFB26F = {
			isa = PBXGroup;
			children = (
				80FB40E4367E5A11D4B766DB /* Crosswords */,
				83E133F36245EF5F8ED785E1 /* CrosswordsTests */,
				238573093061A564C6DD35CA /* Products */,
			);
			sourceTree = "<group>";
		};
		FD31EF66F4A8EEDF7CDC3DC8 /* Services */ = {
			isa = PBXGroup;
			children = (
				89A5AA31839D9742A8813708 /* AdService.swift */,
				6531471F8436464AFA638740 /* BackwordService.swift */,
				5ADBB2CCC3AA2C61B28321DD /* CacheService.swift */,
				0BEA465775FDCD76EB3D459B /* HapticsEngine.swift */,
				C3F4D143AF28580E3116C551 /* PuzzleService.swift */,
				BA0D59E4BD856AB23C420258 /* StatsService.swift */,
				436196EA27FA017EE7D2475F /* StoreService.swift */,
				B177E26DA370EE3E70A3AE71 /* WOTDService.swift */,
			);
			path = Services;
			sourceTree = "<group>";
		};
/* End PBXGroup section */

/* Begin PBXNativeTarget section */
		1DE372E6017DADAF73CA546C /* Crosswords */ = {
			isa = PBXNativeTarget;
			buildConfigurationList = 85A1812F9A4AF2D9E7BE52C2 /* Build configuration list for PBXNativeTarget "Crosswords" */;
			buildPhases = (
				39A1BE8B7D27FE42679A53B1 /* Sources */,
				11AEBE9AD18765A8FF5EE9C4 /* Resources */,
				F2DD309A469A26018575D312 /* Frameworks */,
			);
			buildRules = (
			);
			dependencies = (
			);
			name = Crosswords;
			packageProductDependencies = (
				4EA37F6E92EDCE14F3F6C5C4 /* GoogleMobileAds */,
			);
			productName = Crosswords;
			productReference = 6389C3B428CCAD9D23FD8AAE /* Crosswords.app */;
			productType = "com.apple.product-type.application";
		};
		6100625FB619523C2E53AC19 /* CrosswordsTests */ = {
			isa = PBXNativeTarget;
			buildConfigurationList = 8AD308C398A968E435926E80 /* Build configuration list for PBXNativeTarget "CrosswordsTests" */;
			buildPhases = (
				F207785ADE694857C7A2F3B2 /* Sources */,
			);
			buildRules = (
			);
			dependencies = (
				C2F37668189FB26864A34186 /* PBXTargetDependency */,
			);
			name = CrosswordsTests;
			packageProductDependencies = (
			);
			productName = CrosswordsTests;
			productReference = 93BEC82860C1F248972267F5 /* CrosswordsTests.xctest */;
			productType = "com.apple.product-type.bundle.unit-test";
		};
/* End PBXNativeTarget section */

/* Begin PBXProject section */
		494B91A8816CE9D6372E1887 /* Project object */ = {
			isa = PBXProject;
			attributes = {
				BuildIndependentTargetsInParallel = YES;
				LastUpgradeCheck = 1500;
			};
			buildConfigurationList = B99CFE2CEBC444426CE1EA0B /* Build configuration list for PBXProject "Crosswords" */;
			developmentRegion = en;
			hasScannedForEncodings = 0;
			knownRegions = (
				Base,
				en,
			);
			mainGroup = F8082B6F6AC22DAB13FFB26F;
			minimizedProjectReferenceProxies = 1;
			packageReferences = (
				8972D7141AD6DC5AB4AB87C0 /* XCRemoteSwiftPackageReference "swift-package-manager-google-mobile-ads" */,
			);
			preferredProjectObjectVersion = 77;
			productRefGroup = 238573093061A564C6DD35CA /* Products */;
			projectDirPath = "";
			projectRoot = "";
			targets = (
				1DE372E6017DADAF73CA546C /* Crosswords */,
				6100625FB619523C2E53AC19 /* CrosswordsTests */,
			);
		};
/* End PBXProject section */

/* Begin PBXResourcesBuildPhase section */
		11AEBE9AD18765A8FF5EE9C4 /* Resources */ = {
			isa = PBXResourcesBuildPhase;
			buildActionMask = 2147483647;
			files = (
				4E83F3AEEA3608C534D6D22B /* Assets.xcassets in Resources */,
				AA594AF2329430771900B083 /* CrosswordsProducts.storekit in Resources */,
				12F4BB3A1E916C935E5EF05C /* wotd_bank.json in Resources */,
			);
			runOnlyForDeploymentPostprocessing = 0;
		};
/* End PBXResourcesBuildPhase section */

/* Begin PBXSourcesBuildPhase section */
		39A1BE8B7D27FE42679A53B1 /* Sources */ = {
			isa = PBXSourcesBuildPhase;
			buildActionMask = 2147483647;
			files = (
				0B8E1ABBAC95FBA925C3240A /* AdService.swift in Sources */,
				5690B10E135B83E9B0FA0019 /* AppSettings.swift in Sources */,
				880F9FA0C0AED52CF1DF0FEB /* AppTheme.swift in Sources */,
				1A33F0E2A27C8655A7EC1169 /* ArchiveView.swift in Sources */,
				334397CB60E6BB217770C1F1 /* BackwordCard.swift in Sources */,
				78B351B096333CA2F262011F /* BackwordGuessRow.swift in Sources */,
				6881907E1FDABEF94E8B7A4F /* BackwordLetterCell.swift in Sources */,
				35CDC87AE0F404C335F46F60 /* BackwordProgress.swift in Sources */,
				B9C8249E70428B93E1057D14 /* BackwordService.swift in Sources */,
				23C508E11AEAC11EB4805C43 /* BackwordStats.swift in Sources */,
				2CFA06279678E630761B04F3 /* BackwordView.swift in Sources */,
				57BCFE8089A711DB0D3D18C7 /* BackwordViewModel.swift in Sources */,
				33C7332819F661FC91ABC2E3 /* BackwordWord.swift in Sources */,
				7439F1A63D54ABA2F679B0F8 /* CacheService.swift in Sources */,
				25F7206FBD57BB972F0142A2 /* CellView.swift in Sources */,
				E1E2BA5AF259229354350F1D /* ClueBarView.swift in Sources */,
				65EBC7BBF032978250BD1EFC /* ClueListView.swift in Sources */,
				7F87FA3DEB72CFE7FFB6BCEE /* CompletionView.swift in Sources */,
				9B214B58BD15ADC7A9DA5C37 /* CrosswordsApp.swift in Sources */,
				826047383A697EAD3867B0F1 /* DebugSettingsView.swift in Sources */,
				A006116EEC348C09BA7967EF /* GameViewModel.swift in Sources */,
				CF47D18B9EBF6FA87446E053 /* HapticsEngine.swift in Sources */,
				B8CD8F1B215BC3B1944010B4 /* HomeView.swift in Sources */,
				6EBA3E03AEEF55DD65C4AC70 /* HomeViewModel.swift in Sources */,
				D44EAAD3B0E756CE20A44DB3 /* KeyboardInputView.swift in Sources */,
				C40337EFB0CBCE668533BEAE /* MiniGridPattern.swift in Sources */,
				E3AF0AC0F317EE4AF43D466B /* PaywallView.swift in Sources */,
				F339B918E44F0B5065990E9E /* Puzzle.swift in Sources */,
				4F29ABB6EC65AA0BEB5F04B3 /* PuzzleGridView.swift in Sources */,
				088103B8D974A2F8DE1E28FC /* PuzzleService.swift in Sources */,
				619E5E0F45D924C5082C2394 /* PuzzleView.swift in Sources */,
				D19D047D7B8848178E0E5AA8 /* SettingsView.swift in Sources */,
				1F8E63FA4E04BE88867A007A /* StatsService.swift in Sources */,
				585227152E049E7F5B1C2368 /* StatsView.swift in Sources */,
				4EB1A907DC702C4DB5A9ECF3 /* StoreService.swift in Sources */,
				070B4FC874B1F11E4FE129F2 /* UserProgress.swift in Sources */,
				44A9D1540B0C139E453F0D2A /* UserStats.swift in Sources */,
				479C66EA37C1CB080A013EE1 /* WOTDDetailView.swift in Sources */,
				0F4D0F06F2871D93A5971D66 /* WOTDService.swift in Sources */,
				38663AD663E35E37535CCBAF /* WordOfTheDay.swift in Sources */,
				2C3B9A04126AEDB18BC41F80 /* ZoomableView.swift in Sources */,
			);
			runOnlyForDeploymentPostprocessing = 0;
		};
		F207785ADE694857C7A2F3B2 /* Sources */ = {
			isa = PBXSourcesBuildPhase;
			buildActionMask = 2147483647;
			files = (
				78A471F46893EA74AE9180FC /* BackwordViewModelTests.swift in Sources */,
			);
			runOnlyForDeploymentPostprocessing = 0;
		};
/* End PBXSourcesBuildPhase section */

/* Begin PBXTargetDependency section */
		C2F37668189FB26864A34186 /* PBXTargetDependency */ = {
			isa = PBXTargetDependency;
			target = 1DE372E6017DADAF73CA546C /* Crosswords */;
			targetProxy = B55F1E5799487EDBFD90A55C /* PBXContainerItemProxy */;
		};
/* End PBXTargetDependency section */

/* Begin XCBuildConfiguration section */
		2D344103FE711C3A4DE4FCDF /* Debug */ = {
			isa = XCBuildConfiguration;
			buildSettings = {
				ALWAYS_SEARCH_USER_PATHS = NO;
				CLANG_ANALYZER_NONNULL = YES;
				CLANG_ANALYZER_NUMBER_OBJECT_CONVERSION = YES_AGGRESSIVE;
				CLANG_CXX_LANGUAGE_STANDARD = "gnu++14";
				CLANG_CXX_LIBRARY = "libc++";
				CLANG_ENABLE_MODULES = YES;
				CLANG_ENABLE_OBJC_ARC = YES;
				CLANG_ENABLE_OBJC_WEAK = YES;
				CLANG_WARN_BLOCK_CAPTURE_AUTORELEASING = YES;
				CLANG_WARN_BOOL_CONVERSION = YES;
				CLANG_WARN_COMMA = YES;
				CLANG_WARN_CONSTANT_CONVERSION = YES;
				CLANG_WARN_DEPRECATED_OBJC_IMPLEMENTATIONS = YES;
				CLANG_WARN_DIRECT_OBJC_ISA_USAGE = YES_ERROR;
				CLANG_WARN_DOCUMENTATION_COMMENTS = YES;
				CLANG_WARN_EMPTY_BODY = YES;
				CLANG_WARN_ENUM_CONVERSION = YES;
				CLANG_WARN_INFINITE_RECURSION = YES;
				CLANG_WARN_INT_CONVERSION = YES;
				CLANG_WARN_NON_LITERAL_NULL_CONVERSION = YES;
				CLANG_WARN_OBJC_IMPLICIT_RETAIN_SELF = YES;
				CLANG_WARN_OBJC_LITERAL_CONVERSION = YES;
				CLANG_WARN_OBJC_ROOT_CLASS = YES_ERROR;
				CLANG_WARN_QUOTED_INCLUDE_IN_FRAMEWORK_HEADER = YES;
				CLANG_WARN_RANGE_LOOP_ANALYSIS = YES;
				CLANG_WARN_STRICT_PROTOTYPES = YES;
				CLANG_WARN_SUSPICIOUS_MOVE = YES;
				CLANG_WARN_UNGUARDED_AVAILABILITY = YES_AGGRESSIVE;
				CLANG_WARN_UNREACHABLE_CODE = YES;
				CLANG_WARN__DUPLICATE_METHOD_MATCH = YES;
				COPY_PHASE_STRIP = NO;
				DEBUG_INFORMATION_FORMAT = dwarf;
				ENABLE_STRICT_OBJC_MSGSEND = YES;
				ENABLE_TESTABILITY = YES;
				GCC_C_LANGUAGE_STANDARD = gnu11;
				GCC_DYNAMIC_NO_PIC = NO;
				GCC_NO_COMMON_BLOCKS = YES;
				GCC_OPTIMIZATION_LEVEL = 0;
				GCC_PREPROCESSOR_DEFINITIONS = (
					"$(inherited)",
					"DEBUG=1",
				);
				GCC_WARN_64_TO_32_BIT_CONVERSION = YES;
				GCC_WARN_ABOUT_RETURN_TYPE = YES_ERROR;
				GCC_WARN_UNDECLARED_SELECTOR = YES;
				GCC_WARN_UNINITIALIZED_AUTOS = YES_AGGRESSIVE;
				GCC_WARN_UNUSED_FUNCTION = YES;
				GCC_WARN_UNUSED_VARIABLE = YES;
				INFOPLIST_KEY_CFBundleDisplayName = Crosswords;
				INFOPLIST_KEY_UILaunchScreen_Generation = YES;
				INFOPLIST_KEY_UISupportedInterfaceOrientations = UIInterfaceOrientationPortrait;
				IPHONEOS_DEPLOYMENT_TARGET = 16.0;
				MTL_ENABLE_DEBUG_INFO = INCLUDE_SOURCE;
				MTL_FAST_MATH = YES;
				ONLY_ACTIVE_ARCH = YES;
				PRODUCT_NAME = "$(TARGET_NAME)";
				SDKROOT = iphoneos;
				SWIFT_ACTIVE_COMPILATION_CONDITIONS = DEBUG;
				SWIFT_OPTIMIZATION_LEVEL = "-Onone";
				SWIFT_VERSION = 5.9;
				TARGETED_DEVICE_FAMILY = 1;
			};
			name = Debug;
		};
		6B4B88B2C9D47F094F7DEDA8 /* Release */ = {
			isa = XCBuildConfiguration;
			buildSettings = {
				ALWAYS_SEARCH_USER_PATHS = NO;
				CLANG_ANALYZER_NONNULL = YES;
				CLANG_ANALYZER_NUMBER_OBJECT_CONVERSION = YES_AGGRESSIVE;
				CLANG_CXX_LANGUAGE_STANDARD = "gnu++14";
				CLANG_CXX_LIBRARY = "libc++";
				CLANG_ENABLE_MODULES = YES;
				CLANG_ENABLE_OBJC_ARC = YES;
				CLANG_ENABLE_OBJC_WEAK = YES;
				CLANG_WARN_BLOCK_CAPTURE_AUTORELEASING = YES;
				CLANG_WARN_BOOL_CONVERSION = YES;
				CLANG_WARN_COMMA = YES;
				CLANG_WARN_CONSTANT_CONVERSION = YES;
				CLANG_WARN_DEPRECATED_OBJC_IMPLEMENTATIONS = YES;
				CLANG_WARN_DIRECT_OBJC_ISA_USAGE = YES_ERROR;
				CLANG_WARN_DOCUMENTATION_COMMENTS = YES;
				CLANG_WARN_EMPTY_BODY = YES;
				CLANG_WARN_ENUM_CONVERSION = YES;
				CLANG_WARN_INFINITE_RECURSION = YES;
				CLANG_WARN_INT_CONVERSION = YES;
				CLANG_WARN_NON_LITERAL_NULL_CONVERSION = YES;
				CLANG_WARN_OBJC_IMPLICIT_RETAIN_SELF = YES;
				CLANG_WARN_OBJC_LITERAL_CONVERSION = YES;
				CLANG_WARN_OBJC_ROOT_CLASS = YES_ERROR;
				CLANG_WARN_QUOTED_INCLUDE_IN_FRAMEWORK_HEADER = YES;
				CLANG_WARN_RANGE_LOOP_ANALYSIS = YES;
				CLANG_WARN_STRICT_PROTOTYPES = YES;
				CLANG_WARN_SUSPICIOUS_MOVE = YES;
				CLANG_WARN_UNGUARDED_AVAILABILITY = YES_AGGRESSIVE;
				CLANG_WARN_UNREACHABLE_CODE = YES;
				CLANG_WARN__DUPLICATE_METHOD_MATCH = YES;
				COPY_PHASE_STRIP = NO;
				DEBUG_INFORMATION_FORMAT = "dwarf-with-dsym";
				ENABLE_NS_ASSERTIONS = NO;
				ENABLE_STRICT_OBJC_MSGSEND = YES;
				GCC_C_LANGUAGE_STANDARD = gnu11;
				GCC_NO_COMMON_BLOCKS = YES;
				GCC_WARN_64_TO_32_BIT_CONVERSION = YES;
				GCC_WARN_ABOUT_RETURN_TYPE = YES_ERROR;
				GCC_WARN_UNDECLARED_SELECTOR = YES;
				GCC_WARN_UNINITIALIZED_AUTOS = YES_AGGRESSIVE;
				GCC_WARN_UNUSED_FUNCTION = YES;
				GCC_WARN_UNUSED_VARIABLE = YES;
				INFOPLIST_KEY_CFBundleDisplayName = Crosswords;
				INFOPLIST_KEY_UILaunchScreen_Generation = YES;
				INFOPLIST_KEY_UISupportedInterfaceOrientations = UIInterfaceOrientationPortrait;
				IPHONEOS_DEPLOYMENT_TARGET = 16.0;
				MTL_ENABLE_DEBUG_INFO = NO;
				MTL_FAST_MATH = YES;
				PRODUCT_NAME = "$(TARGET_NAME)";
				SDKROOT = iphoneos;
				SWIFT_COMPILATION_MODE = wholemodule;
				SWIFT_OPTIMIZATION_LEVEL = "-O";
				SWIFT_VERSION = 5.9;
				TARGETED_DEVICE_FAMILY = 1;
			};
			name = Release;
		};
		A6CDA44AE7A5673CED0B03E4 /* Debug */ = {
			isa = XCBuildConfiguration;
			buildSettings = {
				ASSETCATALOG_COMPILER_APPICON_NAME = AppIcon;
				ASSETCATALOG_COMPILER_GLOBAL_ACCENT_COLOR_NAME = AccentColor;
				CODE_SIGN_IDENTITY = "iPhone Developer";
				GENERATE_INFOPLIST_FILE = YES;
				INFOPLIST_FILE = Crosswords/Info.plist;
				INFOPLIST_KEY_UILaunchScreen_Generation = YES;
				LD_RUNPATH_SEARCH_PATHS = (
					"$(inherited)",
					"@executable_path/Frameworks",
				);
				PRODUCT_BUNDLE_IDENTIFIER = com.crosswords.app;
				SDKROOT = iphoneos;
				TARGETED_DEVICE_FAMILY = "1,2";
			};
			name = Debug;
		};
		D4768C2BCA16FB051E406605 /* Release */ = {
			isa = XCBuildConfiguration;
			buildSettings = {
				ASSETCATALOG_COMPILER_APPICON_NAME = AppIcon;
				ASSETCATALOG_COMPILER_GLOBAL_ACCENT_COLOR_NAME = AccentColor;
				CODE_SIGN_IDENTITY = "iPhone Developer";
				GENERATE_INFOPLIST_FILE = YES;
				INFOPLIST_FILE = Crosswords/Info.plist;
				INFOPLIST_KEY_UILaunchScreen_Generation = YES;
				LD_RUNPATH_SEARCH_PATHS = (
					"$(inherited)",
					"@executable_path/Frameworks",
				);
				PRODUCT_BUNDLE_IDENTIFIER = com.crosswords.app;
				SDKROOT = iphoneos;
				TARGETED_DEVICE_FAMILY = "1,2";
			};
			name = Release;
		};
		E58DB687B2A3BF3B910F9CC7 /* Debug */ = {
			isa = XCBuildConfiguration;
			buildSettings = {
				BUNDLE_LOADER = "$(TEST_HOST)";
				GENERATE_INFOPLIST_FILE = YES;
				LD_RUNPATH_SEARCH_PATHS = (
					"$(inherited)",
					"@executable_path/Frameworks",
					"@loader_path/Frameworks",
				);
				PRODUCT_BUNDLE_IDENTIFIER = com.crosswords.app.tests;
				SDKROOT = iphoneos;
				TARGETED_DEVICE_FAMILY = "1,2";
				TEST_HOST = "$(BUILT_PRODUCTS_DIR)/Crosswords.app/Crosswords";
			};
			name = Debug;
		};
		E66754AA8A063C6FED1BF13F /* Release */ = {
			isa = XCBuildConfiguration;
			buildSettings = {
				BUNDLE_LOADER = "$(TEST_HOST)";
				GENERATE_INFOPLIST_FILE = YES;
				LD_RUNPATH_SEARCH_PATHS = (
					"$(inherited)",
					"@executable_path/Frameworks",
					"@loader_path/Frameworks",
				);
				PRODUCT_BUNDLE_IDENTIFIER = com.crosswords.app.tests;
				SDKROOT = iphoneos;
				TARGETED_DEVICE_FAMILY = "1,2";
				TEST_HOST = "$(BUILT_PRODUCTS_DIR)/Crosswords.app/Crosswords";
			};
			name = Release;
		};
/* End XCBuildConfiguration section */

/* Begin XCConfigurationList section */
		85A1812F9A4AF2D9E7BE52C2 /* Build configuration list for PBXNativeTarget "Crosswords" */ = {
			isa = XCConfigurationList;
			buildConfigurations = (
				A6CDA44AE7A5673CED0B03E4 /* Debug */,
				D4768C2BCA16FB051E406605 /* Release */,
			);
			defaultConfigurationIsVisible = 0;
			defaultConfigurationName = Debug;
		};
		8AD308C398A968E435926E80 /* Build configuration list for PBXNativeTarget "CrosswordsTests" */ = {
			isa = XCConfigurationList;
			buildConfigurations = (
				E58DB687B2A3BF3B910F9CC7 /* Debug */,
				E66754AA8A063C6FED1BF13F /* Release */,
			);
			defaultConfigurationIsVisible = 0;
			defaultConfigurationName = Debug;
		};
		B99CFE2CEBC444426CE1EA0B /* Build configuration list for PBXProject "Crosswords" */ = {
			isa = XCConfigurationList;
			buildConfigurations = (
				2D344103FE711C3A4DE4FCDF /* Debug */,
				6B4B88B2C9D47F094F7DEDA8 /* Release */,
			);
			defaultConfigurationIsVisible = 0;
			defaultConfigurationName = Debug;
		};
/* End XCConfigurationList section */

/* Begin XCRemoteSwiftPackageReference section */
		8972D7141AD6DC5AB4AB87C0 /* XCRemoteSwiftPackageReference "swift-package-manager-google-mobile-ads" */ = {
			isa = XCRemoteSwiftPackageReference;
			repositoryURL = "https://github.com/googleads/swift-package-manager-google-mobile-ads";
			requirement = {
				kind = upToNextMajorVersion;
				minimumVersion = 13.0.0;
			};
		};
/* End XCRemoteSwiftPackageReference section */

/* Begin XCSwiftPackageProductDependency section */
		4EA37F6E92EDCE14F3F6C5C4 /* GoogleMobileAds */ = {
			isa = XCSwiftPackageProductDependency;
			package = 8972D7141AD6DC5AB4AB87C0 /* XCRemoteSwiftPackageReference "swift-package-manager-google-mobile-ads" */;
			productName = GoogleMobileAds;
		};
/* End XCSwiftPackageProductDependency section */
	};
	rootObject = 494B91A8816CE9D6372E1887 /* Project object */;
}
