// !$*UTF8*$!
{
	archiveVersion = 1;
	classes = {
	};
	objectVersion = 77;
	objects = {

/* Begin PBXBuildFile section */
		02C1A6E50078D9539A02B6DE /* PuzzleView.swift in Sources */ = {isa = PBXBuildFile; fileRef = 0BD9FF2FC2ECF11EDD31D930 /* PuzzleView.swift */; };
		049A8A912FF6392D00A3D921 /* AdFreeExperienceButtonTests.swift in Sources */ = {isa = PBXBuildFile; fileRef = 049A8A902FF6392D00A3D921 /* AdFreeExperienceButtonTests.swift */; };
		04F1AE892FE2A3E6007A1001 /* AppVersionInfoTests.swift in Sources */ = {isa = PBXBuildFile; fileRef = 04F1AE882FE2A3E6007A1001 /* AppVersionInfoTests.swift */; };
		05256FA0ABC9B788BBAABD5B /* HomeViewModel.swift in Sources */ = {isa = PBXBuildFile; fileRef = 3838DB082E2416DB47994C4D /* HomeViewModel.swift */; };
		05A1D9B52FFCF62100AD5001 /* InterstitialPresentationGateTests.swift in Sources */ = {isa = PBXBuildFile; fileRef = 05A1D9B42FFCF62100AD5001 /* InterstitialPresentationGateTests.swift */; };
		05A1D9B72FFCF62100AD5001 /* BackwordAnalyticsEventTests.swift in Sources */ = {isa = PBXBuildFile; fileRef = 05A1D9B62FFCF62100AD5001 /* BackwordAnalyticsEventTests.swift */; };
		05AD00022FFD000000000001 /* AdConsentService.swift in Sources */ = {isa = PBXBuildFile; fileRef = 05AD00012FFD000000000001 /* AdConsentService.swift */; };
		05AD00042FFD000000000001 /* AdConsentServiceTests.swift in Sources */ = {isa = PBXBuildFile; fileRef = 05AD00032FFD000000000001 /* AdConsentServiceTests.swift */; };
		05AD00072FFD000000000001 /* GoogleUserMessagingPlatform in Frameworks */ = {isa = PBXBuildFile; productRef = 05AD00062FFD000000000001 /* GoogleUserMessagingPlatform */; };
		05F1E1A52FFCFD9300F1E1A5 /* FirebaseAnalytics in Frameworks */ = {isa = PBXBuildFile; productRef = 05F1E1A42FFCFD9300F1E1A5 /* FirebaseAnalytics */; };
		05F1E1A62FFCFD9300F1E1A5 /* FirebaseCore in Frameworks */ = {isa = PBXBuildFile; productRef = 05F1E1A32FFCFD9300F1E1A5 /* FirebaseCore */; };
		05F1E1A72FFCFD9300F1E1A5 /* StoreLogger.swift in Sources */ = {isa = PBXBuildFile; fileRef = 05F1E1A82FFCFD9300F1E1A5 /* StoreLogger.swift */; };
		0838E5D52FE2D3A200000001 /* HomeTabBarViewTests.swift in Sources */ = {isa = PBXBuildFile; fileRef = 0838E5D42FE2D3A200000001 /* HomeTabBarViewTests.swift */; };
		0838E5D72FE2E5AB00000001 /* ArchiveTabBarViewTests.swift in Sources */ = {isa = PBXBuildFile; fileRef = 0838E5D62FE2E5AB00000001 /* ArchiveTabBarViewTests.swift */; };
		0A5F0E3C2FE322C700F00E3C /* LaunchSplashViewTests.swift in Sources */ = {isa = PBXBuildFile; fileRef = 0A5F0E3B2FE322C700F00E3C /* LaunchSplashViewTests.swift */; };
		0DA31D12549E411AB92C784C /* ArchiveDataSource.swift in Sources */ = {isa = PBXBuildFile; fileRef = F051619E8C954DB295AB5E32 /* ArchiveDataSource.swift */; };
		10DA4E78777801F05B5F7B2A /* wotd_bank.json in Resources */ = {isa = PBXBuildFile; fileRef = E7EE22FCCC10583E80948886 /* wotd_bank.json */; };
		143A79FE56648107686BEF85 /* OverallRatingService.swift in Sources */ = {isa = PBXBuildFile; fileRef = 19A91B53D562DA6D94B1DC71 /* OverallRatingService.swift */; };
		149802310440A77534BB615E /* AppTheme.swift in Sources */ = {isa = PBXBuildFile; fileRef = 8820C57EC2BCBADADEC4006C /* AppTheme.swift */; };
		15C99D922FE2A3E6007A1001 /* AppVersionInfo.swift in Sources */ = {isa = PBXBuildFile; fileRef = 15C99D912FE2A3E6007A1001 /* AppVersionInfo.swift */; };
		1A9378281C994E16BFCC1FDC /* ArchivePuzzleRow.swift in Sources */ = {isa = PBXBuildFile; fileRef = C31664D1AD154A3FB5415AA5 /* ArchivePuzzleRow.swift */; };
		1A93782A2FE2E56600000001 /* ArchiveTabBarView.swift in Sources */ = {isa = PBXBuildFile; fileRef = 1A9378292FE2E56600000001 /* ArchiveTabBarView.swift */; };
		1D5CED31842B691A8E91932F /* BackwordViewModel.swift in Sources */ = {isa = PBXBuildFile; fileRef = 64455C838772CB66C039CCE2 /* BackwordViewModel.swift */; };
		1E354F5B18434CB3B98C776D /* ArchiveMonthGrid.swift in Sources */ = {isa = PBXBuildFile; fileRef = 73D1C0AA78734BA68994AEF6 /* ArchiveMonthGrid.swift */; };
		21618E85BCB44C8BE6735598 /* DebugSettingsView.swift in Sources */ = {isa = PBXBuildFile; fileRef = A04496BE6230D031AE10977A /* DebugSettingsView.swift */; };
		23B843AEA4BD3659C133FD9D /* BackwordStats.swift in Sources */ = {isa = PBXBuildFile; fileRef = C99766A650EBD6521697BD6C /* BackwordStats.swift */; };
		30E8BB67675128C8176A7F6E /* Puzzle.swift in Sources */ = {isa = PBXBuildFile; fileRef = 78FB91A4266664E312011B33 /* Puzzle.swift */; };
		39D867F5E790F76409AF8AE0 /* PuzzleService.swift in Sources */ = {isa = PBXBuildFile; fileRef = F31C198A0EE68F6859AD60A4 /* PuzzleService.swift */; };
		3C161668681E34C0C10A14A3 /* AdService.swift in Sources */ = {isa = PBXBuildFile; fileRef = 30C31A4805F0514D4233C775 /* AdService.swift */; };
		3C16166A681E34C0C10A14A3 /* AdLogger.swift in Sources */ = {isa = PBXBuildFile; fileRef = 3C161669681E34C0C10A14A3 /* AdLogger.swift */; };
		3C16166C681E34C0C10A14A3 /* BackwordAnalyticsService.swift in Sources */ = {isa = PBXBuildFile; fileRef = 3C16166B681E34C0C10A14A3 /* BackwordAnalyticsService.swift */; };
		437E4CF0032D9E5D69A92C43 /* AppSettings.swift in Sources */ = {isa = PBXBuildFile; fileRef = 41BD8C5299844A6BAF87B504 /* AppSettings.swift */; };
		46E2C3DE4959F83FA6F2E5E1 /* UserStats.swift in Sources */ = {isa = PBXBuildFile; fileRef = 1E4D0C7C19A4685DF1DC48C2 /* UserStats.swift */; };
		51C6F9994EF7199F8EDDF3CA /* PuzzleGridView.swift in Sources */ = {isa = PBXBuildFile; fileRef = CAB36B91BB7D50A21760149C /* PuzzleGridView.swift */; };
		549205098DAD4DCC7F508DD1 /* KeyboardInputView.swift in Sources */ = {isa = PBXBuildFile; fileRef = 7EDCB92E82855EB80981B63B /* KeyboardInputView.swift */; };
		58638D080E0090141DE592A2 /* SettingsView.swift in Sources */ = {isa = PBXBuildFile; fileRef = 8AF93C5B6979DA0324E913C9 /* SettingsView.swift */; };
		6113351E253762AC9BB6A8E0 /* BackwordViewModelTests.swift in Sources */ = {isa = PBXBuildFile; fileRef = A234FBA2F3CD340B6DB2C102 /* BackwordViewModelTests.swift */; };
		6AA64C192BEEF7710023A110 /* WordBankTests.swift in Sources */ = {isa = PBXBuildFile; fileRef = 6AA64C182BEEF7710023A110 /* WordBankTests.swift */; };
		6B0F8E2B5B724322AE390E5B /* GameViewModelTests.swift in Sources */ = {isa = PBXBuildFile; fileRef = 91C21DA95E2C4F219E2947D0 /* GameViewModelTests.swift */; };
		70FDEC9954ABAD6370C542F4 /* RatingBarView.swift in Sources */ = {isa = PBXBuildFile; fileRef = 9165B37268686C367CEB6523 /* RatingBarView.swift */; };
		72C4C6D82B1A4930A633D528 /* RatingBarLabelLayoutTests.swift in Sources */ = {isa = PBXBuildFile; fileRef = 72C4C6D72B1A4930A633D528 /* RatingBarLabelLayoutTests.swift */; };
		753A45E043CDDEBF5C5DBB36 /* PaywallView.swift in Sources */ = {isa = PBXBuildFile; fileRef = 83C12AC56422D31E9D619C3E /* PaywallView.swift */; };
		7D3636249D4EA1ACE0D6916C /* BackwordGuessRow.swift in Sources */ = {isa = PBXBuildFile; fileRef = 40ACCF7B840800AA52BD9ED7 /* BackwordGuessRow.swift */; };
		7E83B33444F63FBE338C8198 /* OverallRatingTests.swift in Sources */ = {isa = PBXBuildFile; fileRef = BBAD8C25D043C7F852F2F85B /* OverallRatingTests.swift */; };
		809E28C92FF638D200FF7B33 /* AdFreeExperienceButton.swift in Sources */ = {isa = PBXBuildFile; fileRef = 809E28C82FF638D200FF7B33 /* AdFreeExperienceButton.swift */; };
		83FBB193723C144A6456932E /* ZoomableView.swift in Sources */ = {isa = PBXBuildFile; fileRef = 6C44B7584617BA53797B0963 /* ZoomableView.swift */; };
		84A6DDAE7557421BC685E350 /* CellView.swift in Sources */ = {isa = PBXBuildFile; fileRef = B8669C3DD88CF9BC44A72C69 /* CellView.swift */; };
		860A8F3C2FCEBA5100C2BE38 /* TipFactory.swift in Sources */ = {isa = PBXBuildFile; fileRef = 860A8F3B2FCEBA5100C2BE38 /* TipFactory.swift */; };
		86123BEA2FC900E5008A929E /* StoreKit.framework in Frameworks */ = {isa = PBXBuildFile; fileRef = 86123BE92FC900E5008A929E /* StoreKit.framework */; };
		864905432FCE0720006A38A3 /* AppBackgroundGradient.swift in Sources */ = {isa = PBXBuildFile; fileRef = 864905422FCE0720006A38A3 /* AppBackgroundGradient.swift */; };
		86728124E533B5942EADAB51 /* HomeView.swift in Sources */ = {isa = PBXBuildFile; fileRef = F0FDCCDB6369D4F6CDBBED8C /* HomeView.swift */; };
		867281262FE2D39C00000001 /* HomeTabBarView.swift in Sources */ = {isa = PBXBuildFile; fileRef = 867281252FE2D39C00000001 /* HomeTabBarView.swift */; };
		869FCBE22F9986FA00A280F2 /* BackwordStatsService.swift in Sources */ = {isa = PBXBuildFile; fileRef = 869FCBE12F9986FA00A280F2 /* BackwordStatsService.swift */; };
		869FCBE42F99871800A280F2 /* BackwordStatsView.swift in Sources */ = {isa = PBXBuildFile; fileRef = 869FCBE32F99871800A280F2 /* BackwordStatsView.swift */; };
		86A5B0C42FE5DEC20047F55F /* GoogleService-Info.plist in Resources */ = {isa = PBXBuildFile; fileRef = 86A5B0C32FE5DEC20047F55F /* GoogleService-Info.plist */; };
		86AE8C972F913EAB001D69EE /* BackwordLogo.swift in Sources */ = {isa = PBXBuildFile; fileRef = 86AE8C962F913EAB001D69EE /* BackwordLogo.swift */; };
		86AE8C992FE31F01001D69EE /* LaunchSplashView.swift in Sources */ = {isa = PBXBuildFile; fileRef = 86AE8C982FE31F01001D69EE /* LaunchSplashView.swift */; };
		86AFC3CE2FBE53CA007623C3 /* BackwordArchiveRow.swift in Sources */ = {isa = PBXBuildFile; fileRef = 86AFC3CD2FBE53CA007623C3 /* BackwordArchiveRow.swift */; };
		86AFC3D12FBFC367007623C3 /* ScoringRuleView.swift in Sources */ = {isa = PBXBuildFile; fileRef = 86AFC3D02FBFC367007623C3 /* ScoringRuleView.swift */; };
		86AFC3D32FC20460007623C3 /* BackwordInstructionsContentView.swift in Sources */ = {isa = PBXBuildFile; fileRef = 86AFC3D22FC20460007623C3 /* BackwordInstructionsContentView.swift */; };
		86AFC3D52FC2402F007623C3 /* StatsView.swift in Sources */ = {isa = PBXBuildFile; fileRef = 86AFC3D42FC2402F007623C3 /* StatsView.swift */; };
		86AFC3D72FC25567007623C3 /* ScoreChipView.swift in Sources */ = {isa = PBXBuildFile; fileRef = 86AFC3D62FC25567007623C3 /* ScoreChipView.swift */; };
		86BEEF012FDD000100000001 /* StoreServiceTests.swift in Sources */ = {isa = PBXBuildFile; fileRef = 86BEEF002FDD000100000001 /* StoreServiceTests.swift */; };
		86E5BFF62FA2BECA00A42156 /* Outfit-Light.ttf in Resources */ = {isa = PBXBuildFile; fileRef = 86E5BFF02FA2BECA00A42156 /* Outfit-Light.ttf */; };
		86E5BFF72FA2BECA00A42156 /* Outfit-Thin.ttf in Resources */ = {isa = PBXBuildFile; fileRef = 86E5BFF42FA2BECA00A42156 /* Outfit-Thin.ttf */; };
		86E5BFF82FA2BECA00A42156 /* Outfit-Black.ttf in Resources */ = {isa = PBXBuildFile; fileRef = 86E5BFEC2FA2BECA00A42156 /* Outfit-Black.ttf */; };
		86E5BFF92FA2BECA00A42156 /* Outfit-Medium.ttf in Resources */ = {isa = PBXBuildFile; fileRef = 86E5BFF12FA2BECA00A42156 /* Outfit-Medium.ttf */; };
		86E5BFFA2FA2BECA00A42156 /* Outfit-Regular.ttf in Resources */ = {isa = PBXBuildFile; fileRef = 86E5BFF22FA2BECA00A42156 /* Outfit-Regular.ttf */; };
		86E5BFFB2FA2BECA00A42156 /* Outfit-SemiBold.ttf in Resources */ = {isa = PBXBuildFile; fileRef = 86E5BFF32FA2BECA00A42156 /* Outfit-SemiBold.ttf */; };
		86E5BFFC2FA2BECA00A42156 /* Outfit-ExtraLight.ttf in Resources */ = {isa = PBXBuildFile; fileRef = 86E5BFEF2FA2BECA00A42156 /* Outfit-ExtraLight.ttf */; };
		86E5BFFD2FA2BECA00A42156 /* Outfit-ExtraBold.ttf in Resources */ = {isa = PBXBuildFile; fileRef = 86E5BFEE2FA2BECA00A42156 /* Outfit-ExtraBold.ttf */; };
		86E5BFFE2FA2BECA00A42156 /* Outfit-Bold.ttf in Resources */ = {isa = PBXBuildFile; fileRef = 86E5BFED2FA2BECA00A42156 /* Outfit-Bold.ttf */; };
		86E5C00A2FA9211200A42156 /* WeeklyCrosswordCard.swift in Sources */ = {isa = PBXBuildFile; fileRef = 86E5C0092FA9211200A42156 /* WeeklyCrosswordCard.swift */; };
		86E5C00C2FA94D8A00A42156 /* DailyCrosswordCard.swift in Sources */ = {isa = PBXBuildFile; fileRef = 86E5C00B2FA94D8A00A42156 /* DailyCrosswordCard.swift */; };
		86F02E462FB9BE220083B752 /* Supabase in Frameworks */ = {isa = PBXBuildFile; productRef = 86F02E452FB9BE220083B752 /* Supabase */; };
		86F02E482FBA14FF0083B752 /* StatusLabelView.swift in Sources */ = {isa = PBXBuildFile; fileRef = 86F02E472FBA14FF0083B752 /* StatusLabelView.swift */; };
		86F02E4A2FBA15550083B752 /* PuzzleStatus.swift in Sources */ = {isa = PBXBuildFile; fileRef = 86F02E492FBA15550083B752 /* PuzzleStatus.swift */; };
		86FAA14F2FB4F8C00022EFF6 /* CustomKeyboardView.swift in Sources */ = {isa = PBXBuildFile; fileRef = 86FAA14E2FB4F8C00022EFF6 /* CustomKeyboardView.swift */; };
		86FAA1592FB9B9150022EFF6 /* SupabaseClient.swift in Sources */ = {isa = PBXBuildFile; fileRef = 86FAA1582FB9B9150022EFF6 /* SupabaseClient.swift */; };
		87051E8136E314CB2A272A91 /* BackwordLetterCell.swift in Sources */ = {isa = PBXBuildFile; fileRef = 2259B66045D006E89462572C /* BackwordLetterCell.swift */; };
		8EF7F8087FF836F1BFC62151 /* HapticsEngine.swift in Sources */ = {isa = PBXBuildFile; fileRef = 9D1AA88826DBFDA8FE8ECE12 /* HapticsEngine.swift */; };
		8F92754416251062C7FCA46E /* CrosswordStatsView.swift in Sources */ = {isa = PBXBuildFile; fileRef = 922354966A899721DF1CF25C /* CrosswordStatsView.swift */; };
		8FB170C4A0F5A06EC9069AF6 /* BackwordService.swift in Sources */ = {isa = PBXBuildFile; fileRef = A476BC6A4DF0107699E2A1FD /* BackwordService.swift */; };
		90808C76567660E437B97316 /* CrosswordsProducts.storekit in Resources */ = {isa = PBXBuildFile; fileRef = E6C438C3B404924971764D12 /* CrosswordsProducts.storekit */; };
		9248622AF11FEBE6A948671B /* WordOfTheDay.swift in Sources */ = {isa = PBXBuildFile; fileRef = 7D68E5D9B55DF552855C5B33 /* WordOfTheDay.swift */; };
		9344322FC4BD6682AB74BE2A /* GameViewModel.swift in Sources */ = {isa = PBXBuildFile; fileRef = 0C4762545EDB078B5DA1FA49 /* GameViewModel.swift */; };
		95726DE84D084852B6D77C8C /* ArchiveViewModel.swift in Sources */ = {isa = PBXBuildFile; fileRef = 625E52DC74D846679E9A73FE /* ArchiveViewModel.swift */; };
		9DAB5905105243A7AB4CA249 /* ArchiveViewModelTests.swift in Sources */ = {isa = PBXBuildFile; fileRef = 30AAC0EA05C940EEA05D4CE9 /* ArchiveViewModelTests.swift */; };
		9F66E5C1AA96EC8A2DBEADF1 /* MiniGridPattern.swift in Sources */ = {isa = PBXBuildFile; fileRef = 0F6138C6D7443C2F49421F8A /* MiniGridPattern.swift */; };
		A220B5F6D4E48FCC57832B9C /* CacheService.swift in Sources */ = {isa = PBXBuildFile; fileRef = D15EB4D0D354246894E51C7E /* CacheService.swift */; };
		ABCD10000000000000000004 /* FeedbackEmailContentTests.swift in Sources */ = {isa = PBXBuildFile; fileRef = ABCD10000000000000000001 /* FeedbackEmailContentTests.swift */; };
		ABCD10000000000000000005 /* FeedbackEmailContent.swift in Sources */ = {isa = PBXBuildFile; fileRef = ABCD10000000000000000002 /* FeedbackEmailContent.swift */; };
		ABCD10000000000000000006 /* MailComposerView.swift in Sources */ = {isa = PBXBuildFile; fileRef = ABCD10000000000000000003 /* MailComposerView.swift */; };
		AC638DF36320A3F8C6EFDE6E /* CompletionView.swift in Sources */ = {isa = PBXBuildFile; fileRef = 741EF0B3C1470452272529E1 /* CompletionView.swift */; };
		B022F8B276983EAF1219E126 /* WOTDService.swift in Sources */ = {isa = PBXBuildFile; fileRef = C9C0EFCFD82AE5B548185AC6 /* WOTDService.swift */; };
		B87E042C9276130084747CA3 /* StatsView2.swift in Sources */ = {isa = PBXBuildFile; fileRef = 8254031869B9E1FAC8C5A377 /* StatsView2.swift */; };
		BB8A42F028D03862BEE427CD /* ClueBarView.swift in Sources */ = {isa = PBXBuildFile; fileRef = 2519353944EB9D4F32644E32 /* ClueBarView.swift */; };
		BEF00EC711F525FD3B8EB3DE /* Assets.xcassets in Resources */ = {isa = PBXBuildFile; fileRef = B35393D8C1799968B4B9119D /* Assets.xcassets */; };
		C2A2E6FA90B85E2884F67538 /* ClueListView.swift in Sources */ = {isa = PBXBuildFile; fileRef = D84C8AB718DDE4C9E0EDDE1F /* ClueListView.swift */; };
		C9B78241F73047C516573390 /* UserProgress.swift in Sources */ = {isa = PBXBuildFile; fileRef = A38BFC4B60EA86A8DF662F3E /* UserProgress.swift */; };
		CDFB51C30CE8784881171A9F /* RatingDetailSheet.swift in Sources */ = {isa = PBXBuildFile; fileRef = 963F153A2AC2B9E9E8D44DAF /* RatingDetailSheet.swift */; };
		CF96B7A7D6669B73DBA8125E /* BackwordCard.swift in Sources */ = {isa = PBXBuildFile; fileRef = E7143C2570D23B983CD7AF74 /* BackwordCard.swift */; };
		D380A06E810FCE5F5A7B9D43 /* StoreService.swift in Sources */ = {isa = PBXBuildFile; fileRef = D6AAFAD519B1F99879B1643D /* StoreService.swift */; };
		D39F9C4C078DA5925A365ABB /* StatsService.swift in Sources */ = {isa = PBXBuildFile; fileRef = 47B091EBD64E55AE0AB83F4B /* StatsService.swift */; };
		DDA73F76F25BD250D7119DEA /* BackwordProgress.swift in Sources */ = {isa = PBXBuildFile; fileRef = E6124F655D1ABA64F820B278 /* BackwordProgress.swift */; };
		E2020AB31629439996CCB55A /* ArchiveMonth.swift in Sources */ = {isa = PBXBuildFile; fileRef = B63764C5F6E04CBD944B0FEB /* ArchiveMonth.swift */; };
		E73EB146AC34410C2E51519A /* WOTDDetailView.swift in Sources */ = {isa = PBXBuildFile; fileRef = 7CFE3BE7131C4A71B3845485 /* WOTDDetailView.swift */; };
		E8738842257712E4D5867D6B /* BackwordApp.swift in Sources */ = {isa = PBXBuildFile; fileRef = 894071960CD50EDF948DA15E /* BackwordApp.swift */; };
		E9501AAB5231A6C28698D2E6 /* BackwordView.swift in Sources */ = {isa = PBXBuildFile; fileRef = 464EFF9C497E2B1F8674F3B7 /* BackwordView.swift */; };
		EAD7311D1E0CE5265794E80E /* BackwordWord.swift in Sources */ = {isa = PBXBuildFile; fileRef = 20DC56EE6FE3BA2978D639A8 /* BackwordWord.swift */; };
		F84C34B9EE4462A3EAF19616 /* ArchiveView.swift in Sources */ = {isa = PBXBuildFile; fileRef = EE5A3938FD382B86EEB78063 /* ArchiveView.swift */; };
		FB8811D4DA46B6D23CDE6ED8 /* OverallRating.swift in Sources */ = {isa = PBXBuildFile; fileRef = 26FDFB84159BB8E3A26031D0 /* OverallRating.swift */; };
		FC2E739DC6045316AD55D0F4 /* GoogleMobileAds in Frameworks */ = {isa = PBXBuildFile; productRef = 9919F8A6B05C3D85B7C8E63E /* GoogleMobileAds */; };
/* End PBXBuildFile section */

/* Begin PBXContainerItemProxy section */
		8F9BF44D4E5CBCA586DD57D2 /* PBXContainerItemProxy */ = {
			isa = PBXContainerItemProxy;
			containerPortal = D93CF7FB3A0A88AE426BE935 /* Project object */;
			proxyType = 1;
			remoteGlobalIDString = A53A431755E77FC7A5A5FCB4;
			remoteInfo = Backword;
		};
/* End PBXContainerItemProxy section */

/* Begin PBXFileReference section */
		038A68C6C4BF20D72379BD11 /* Backword.app */ = {isa = PBXFileReference; explicitFileType = wrapper.application; includeInIndex = 0; path = Backword.app; sourceTree = BUILT_PRODUCTS_DIR; };
		049A8A902FF6392D00A3D921 /* AdFreeExperienceButtonTests.swift */ = {isa = PBXFileReference; lastKnownFileType = sourcecode.swift; path = AdFreeExperienceButtonTests.swift; sourceTree = "<group>"; };
		04F1AE882FE2A3E6007A1001 /* AppVersionInfoTests.swift */ = {isa = PBXFileReference; lastKnownFileType = sourcecode.swift; path = AppVersionInfoTests.swift; sourceTree = "<group>"; };
		05A1D9B42FFCF62100AD5001 /* InterstitialPresentationGateTests.swift */ = {isa = PBXFileReference; lastKnownFileType = sourcecode.swift; path = InterstitialPresentationGateTests.swift; sourceTree = "<group>"; };
		05A1D9B62FFCF62100AD5001 /* BackwordAnalyticsEventTests.swift */ = {isa = PBXFileReference; lastKnownFileType = sourcecode.swift; path = BackwordAnalyticsEventTests.swift; sourceTree = "<group>"; };
		05AD00012FFD000000000001 /* AdConsentService.swift */ = {isa = PBXFileReference; lastKnownFileType = sourcecode.swift; path = AdConsentService.swift; sourceTree = "<group>"; };
		05AD00032FFD000000000001 /* AdConsentServiceTests.swift */ = {isa = PBXFileReference; lastKnownFileType = sourcecode.swift; path = AdConsentServiceTests.swift; sourceTree = "<group>"; };
		05F1E1A82FFCFD9300F1E1A5 /* StoreLogger.swift */ = {isa = PBXFileReference; lastKnownFileType = sourcecode.swift; path = StoreLogger.swift; sourceTree = "<group>"; };
		0838E5D42FE2D3A200000001 /* HomeTabBarViewTests.swift */ = {isa = PBXFileReference; lastKnownFileType = sourcecode.swift; path = HomeTabBarViewTests.swift; sourceTree = "<group>"; };
		0838E5D62FE2E5AB00000001 /* ArchiveTabBarViewTests.swift */ = {isa = PBXFileReference; lastKnownFileType = sourcecode.swift; path = ArchiveTabBarViewTests.swift; sourceTree = "<group>"; };
		0A5F0E3B2FE322C700F00E3C /* LaunchSplashViewTests.swift */ = {isa = PBXFileReference; lastKnownFileType = sourcecode.swift; path = LaunchSplashViewTests.swift; sourceTree = "<group>"; };
		0BD9FF2FC2ECF11EDD31D930 /* PuzzleView.swift */ = {isa = PBXFileReference; lastKnownFileType = sourcecode.swift; path = PuzzleView.swift; sourceTree = "<group>"; };
		0C4762545EDB078B5DA1FA49 /* GameViewModel.swift */ = {isa = PBXFileReference; lastKnownFileType = sourcecode.swift; path = GameViewModel.swift; sourceTree = "<group>"; };
		0F6138C6D7443C2F49421F8A /* MiniGridPattern.swift */ = {isa = PBXFileReference; lastKnownFileType = sourcecode.swift; path = MiniGridPattern.swift; sourceTree = "<group>"; };
		15C99D912FE2A3E6007A1001 /* AppVersionInfo.swift */ = {isa = PBXFileReference; lastKnownFileType = sourcecode.swift; path = AppVersionInfo.swift; sourceTree = "<group>"; };
		19A91B53D562DA6D94B1DC71 /* OverallRatingService.swift */ = {isa = PBXFileReference; includeInIndex = 1; lastKnownFileType = sourcecode.swift; path = OverallRatingService.swift; sourceTree = "<group>"; };
		1A9378292FE2E56600000001 /* ArchiveTabBarView.swift */ = {isa = PBXFileReference; lastKnownFileType = sourcecode.swift; path = ArchiveTabBarView.swift; sourceTree = "<group>"; };
		1E4D0C7C19A4685DF1DC48C2 /* UserStats.swift */ = {isa = PBXFileReference; lastKnownFileType = sourcecode.swift; path = UserStats.swift; sourceTree = "<group>"; };
		20DC56EE6FE3BA2978D639A8 /* BackwordWord.swift */ = {isa = PBXFileReference; lastKnownFileType = sourcecode.swift; path = BackwordWord.swift; sourceTree = "<group>"; };
		2259B66045D006E89462572C /* BackwordLetterCell.swift */ = {isa = PBXFileReference; lastKnownFileType = sourcecode.swift; path = BackwordLetterCell.swift; sourceTree = "<group>"; };
		2519353944EB9D4F32644E32 /* ClueBarView.swift */ = {isa = PBXFileReference; lastKnownFileType = sourcecode.swift; path = ClueBarView.swift; sourceTree = "<group>"; };
		26FDFB84159BB8E3A26031D0 /* OverallRating.swift */ = {isa = PBXFileReference; includeInIndex = 1; lastKnownFileType = sourcecode.swift; path = OverallRating.swift; sourceTree = "<group>"; };
		30AAC0EA05C940EEA05D4CE9 /* ArchiveViewModelTests.swift */ = {isa = PBXFileReference; lastKnownFileType = sourcecode.swift; path = ArchiveViewModelTests.swift; sourceTree = "<group>"; };
		30C31A4805F0514D4233C775 /* AdService.swift */ = {isa = PBXFileReference; lastKnownFileType = sourcecode.swift; path = AdService.swift; sourceTree = "<group>"; };
		3838DB082E2416DB47994C4D /* HomeViewModel.swift */ = {isa = PBXFileReference; lastKnownFileType = sourcecode.swift; path = HomeViewModel.swift; sourceTree = "<group>"; };
		3C161669681E34C0C10A14A3 /* AdLogger.swift */ = {isa = PBXFileReference; lastKnownFileType = sourcecode.swift; path = AdLogger.swift; sourceTree = "<group>"; };
		3C16166B681E34C0C10A14A3 /* BackwordAnalyticsService.swift */ = {isa = PBXFileReference; lastKnownFileType = sourcecode.swift; path = BackwordAnalyticsService.swift; sourceTree = "<group>"; };
		40ACCF7B840800AA52BD9ED7 /* BackwordGuessRow.swift */ = {isa = PBXFileReference; lastKnownFileType = sourcecode.swift; path = BackwordGuessRow.swift; sourceTree = "<group>"; };
		41BD8C5299844A6BAF87B504 /* AppSettings.swift */ = {isa = PBXFileReference; lastKnownFileType = sourcecode.swift; path = AppSettings.swift; sourceTree = "<group>"; };
		464EFF9C497E2B1F8674F3B7 /* BackwordView.swift */ = {isa = PBXFileReference; lastKnownFileType = sourcecode.swift; path = BackwordView.swift; sourceTree = "<group>"; };
		47B091EBD64E55AE0AB83F4B /* StatsService.swift */ = {isa = PBXFileReference; lastKnownFileType = sourcecode.swift; path = StatsService.swift; sourceTree = "<group>"; };
		625E52DC74D846679E9A73FE /* ArchiveViewModel.swift */ = {isa = PBXFileReference; lastKnownFileType = sourcecode.swift; path = ArchiveViewModel.swift; sourceTree = "<group>"; };
		64455C838772CB66C039CCE2 /* BackwordViewModel.swift */ = {isa = PBXFileReference; lastKnownFileType = sourcecode.swift; path = BackwordViewModel.swift; sourceTree = "<group>"; };
		6AA64C182BEEF7710023A110 /* WordBankTests.swift */ = {isa = PBXFileReference; lastKnownFileType = sourcecode.swift; path = WordBankTests.swift; sourceTree = "<group>"; };
		6C44B7584617BA53797B0963 /* ZoomableView.swift */ = {isa = PBXFileReference; lastKnownFileType = sourcecode.swift; path = ZoomableView.swift; sourceTree = "<group>"; };
		72C4C6D72B1A4930A633D528 /* RatingBarLabelLayoutTests.swift */ = {isa = PBXFileReference; lastKnownFileType = sourcecode.swift; path = RatingBarLabelLayoutTests.swift; sourceTree = "<group>"; };
		73D1C0AA78734BA68994AEF6 /* ArchiveMonthGrid.swift */ = {isa = PBXFileReference; lastKnownFileType = sourcecode.swift; path = ArchiveMonthGrid.swift; sourceTree = "<group>"; };
		741EF0B3C1470452272529E1 /* CompletionView.swift */ = {isa = PBXFileReference; lastKnownFileType = sourcecode.swift; path = CompletionView.swift; sourceTree = "<group>"; };
		78FB91A4266664E312011B33 /* Puzzle.swift */ = {isa = PBXFileReference; lastKnownFileType = sourcecode.swift; path = Puzzle.swift; sourceTree = "<group>"; };
		7CFE3BE7131C4A71B3845485 /* WOTDDetailView.swift */ = {isa = PBXFileReference; lastKnownFileType = sourcecode.swift; path = WOTDDetailView.swift; sourceTree = "<group>"; };
		7D68E5D9B55DF552855C5B33 /* WordOfTheDay.swift */ = {isa = PBXFileReference; lastKnownFileType = sourcecode.swift; path = WordOfTheDay.swift; sourceTree = "<group>"; };
		7EDCB92E82855EB80981B63B /* KeyboardInputView.swift */ = {isa = PBXFileReference; lastKnownFileType = sourcecode.swift; path = KeyboardInputView.swift; sourceTree = "<group>"; };
		809E28C82FF638D200FF7B33 /* AdFreeExperienceButton.swift */ = {isa = PBXFileReference; lastKnownFileType = sourcecode.swift; path = AdFreeExperienceButton.swift; sourceTree = "<group>"; };
		8254031869B9E1FAC8C5A377 /* StatsView2.swift */ = {isa = PBXFileReference; lastKnownFileType = sourcecode.swift; path = StatsView2.swift; sourceTree = "<group>"; };
		8299222FB15ED0ECC8305F8A /* Info.plist */ = {isa = PBXFileReference; lastKnownFileType = text.plist; path = Info.plist; sourceTree = "<group>"; };
		83C12AC56422D31E9D619C3E /* PaywallView.swift */ = {isa = PBXFileReference; lastKnownFileType = sourcecode.swift; path = PaywallView.swift; sourceTree = "<group>"; };
		860A8F3B2FCEBA5100C2BE38 /* TipFactory.swift */ = {isa = PBXFileReference; lastKnownFileType = sourcecode.swift; path = TipFactory.swift; sourceTree = "<group>"; };
		86123BC82FC6529F008A929E /* Config.xcconfig */ = {isa = PBXFileReference; lastKnownFileType = text.xcconfig; path = Config.xcconfig; sourceTree = "<group>"; };
		86123BE92FC900E5008A929E /* StoreKit.framework */ = {isa = PBXFileReference; lastKnownFileType = wrapper.framework; name = StoreKit.framework; path = System/Library/Frameworks/StoreKit.framework; sourceTree = SDKROOT; };
		864905422FCE0720006A38A3 /* AppBackgroundGradient.swift */ = {isa = PBXFileReference; lastKnownFileType = sourcecode.swift; path = AppBackgroundGradient.swift; sourceTree = "<group>"; };
		867281252FE2D39C00000001 /* HomeTabBarView.swift */ = {isa = PBXFileReference; lastKnownFileType = sourcecode.swift; path = HomeTabBarView.swift; sourceTree = "<group>"; };
		869FCBE12F9986FA00A280F2 /* BackwordStatsService.swift */ = {isa = PBXFileReference; lastKnownFileType = sourcecode.swift; path = BackwordStatsService.swift; sourceTree = "<group>"; };
		869FCBE32F99871800A280F2 /* BackwordStatsView.swift */ = {isa = PBXFileReference; lastKnownFileType = sourcecode.swift; path = BackwordStatsView.swift; sourceTree = "<group>"; };
		86A5B0C32FE5DEC20047F55F /* GoogleService-Info.plist */ = {isa = PBXFileReference; lastKnownFileType = text.plist.xml; path = "GoogleService-Info.plist"; sourceTree = "<group>"; };
		86AE8C962F913EAB001D69EE /* BackwordLogo.swift */ = {isa = PBXFileReference; lastKnownFileType = sourcecode.swift; path = BackwordLogo.swift; sourceTree = "<group>"; };
		86AE8C982FE31F01001D69EE /* LaunchSplashView.swift */ = {isa = PBXFileReference; lastKnownFileType = sourcecode.swift; path = LaunchSplashView.swift; sourceTree = "<group>"; };
		86AFC3CD2FBE53CA007623C3 /* BackwordArchiveRow.swift */ = {isa = PBXFileReference; lastKnownFileType = sourcecode.swift; path = BackwordArchiveRow.swift; sourceTree = "<group>"; };
		86AFC3D02FBFC367007623C3 /* ScoringRuleView.swift */ = {isa = PBXFileReference; lastKnownFileType = sourcecode.swift; path = ScoringRuleView.swift; sourceTree = "<group>"; };
		86AFC3D22FC20460007623C3 /* BackwordInstructionsContentView.swift */ = {isa = PBXFileReference; lastKnownFileType = sourcecode.swift; path = BackwordInstructionsContentView.swift; sourceTree = "<group>"; };
		86AFC3D42FC2402F007623C3 /* StatsView.swift */ = {isa = PBXFileReference; lastKnownFileType = sourcecode.swift; path = StatsView.swift; sourceTree = "<group>"; };
		86AFC3D62FC25567007623C3 /* ScoreChipView.swift */ = {isa = PBXFileReference; lastKnownFileType = sourcecode.swift; path = ScoreChipView.swift; sourceTree = "<group>"; };
		86BEEF002FDD000100000001 /* StoreServiceTests.swift */ = {isa = PBXFileReference; lastKnownFileType = sourcecode.swift; path = StoreServiceTests.swift; sourceTree = "<group>"; };
		86E5BFEC2FA2BECA00A42156 /* Outfit-Black.ttf */ = {isa = PBXFileReference; lastKnownFileType = file; path = "Outfit-Black.ttf"; sourceTree = "<group>"; };
		86E5BFED2FA2BECA00A42156 /* Outfit-Bold.ttf */ = {isa = PBXFileReference; lastKnownFileType = file; path = "Outfit-Bold.ttf"; sourceTree = "<group>"; };
		86E5BFEE2FA2BECA00A42156 /* Outfit-ExtraBold.ttf */ = {isa = PBXFileReference; lastKnownFileType = file; path = "Outfit-ExtraBold.ttf"; sourceTree = "<group>"; };
		86E5BFEF2FA2BECA00A42156 /* Outfit-ExtraLight.ttf */ = {isa = PBXFileReference; lastKnownFileType = file; path = "Outfit-ExtraLight.ttf"; sourceTree = "<group>"; };
		86E5BFF02FA2BECA00A42156 /* Outfit-Light.ttf */ = {isa = PBXFileReference; lastKnownFileType = file; path = "Outfit-Light.ttf"; sourceTree = "<group>"; };
		86E5BFF12FA2BECA00A42156 /* Outfit-Medium.ttf */ = {isa = PBXFileReference; lastKnownFileType = file; path = "Outfit-Medium.ttf"; sourceTree = "<group>"; };
		86E5BFF22FA2BECA00A42156 /* Outfit-Regular.ttf */ = {isa = PBXFileReference; lastKnownFileType = file; path = "Outfit-Regular.ttf"; sourceTree = "<group>"; };
		86E5BFF32FA2BECA00A42156 /* Outfit-SemiBold.ttf */ = {isa = PBXFileReference; lastKnownFileType = file; path = "Outfit-SemiBold.ttf"; sourceTree = "<group>"; };
		86E5BFF42FA2BECA00A42156 /* Outfit-Thin.ttf */ = {isa = PBXFileReference; lastKnownFileType = file; path = "Outfit-Thin.ttf"; sourceTree = "<group>"; };
		86E5C0092FA9211200A42156 /* WeeklyCrosswordCard.swift */ = {isa = PBXFileReference; lastKnownFileType = sourcecode.swift; path = WeeklyCrosswordCard.swift; sourceTree = "<group>"; };
		86E5C00B2FA94D8A00A42156 /* DailyCrosswordCard.swift */ = {isa = PBXFileReference; lastKnownFileType = sourcecode.swift; path = DailyCrosswordCard.swift; sourceTree = "<group>"; };
		86F02E472FBA14FF0083B752 /* StatusLabelView.swift */ = {isa = PBXFileReference; lastKnownFileType = sourcecode.swift; path = StatusLabelView.swift; sourceTree = "<group>"; };
		86F02E492FBA15550083B752 /* PuzzleStatus.swift */ = {isa = PBXFileReference; lastKnownFileType = sourcecode.swift; path = PuzzleStatus.swift; sourceTree = "<group>"; };
		86FAA14E2FB4F8C00022EFF6 /* CustomKeyboardView.swift */ = {isa = PBXFileReference; lastKnownFileType = sourcecode.swift; path = CustomKeyboardView.swift; sourceTree = "<group>"; };
		86FAA1582FB9B9150022EFF6 /* SupabaseClient.swift */ = {isa = PBXFileReference; lastKnownFileType = sourcecode.swift; path = SupabaseClient.swift; sourceTree = "<group>"; };
		8820C57EC2BCBADADEC4006C /* AppTheme.swift */ = {isa = PBXFileReference; lastKnownFileType = sourcecode.swift; path = AppTheme.swift; sourceTree = "<group>"; };
		894071960CD50EDF948DA15E /* BackwordApp.swift */ = {isa = PBXFileReference; lastKnownFileType = sourcecode.swift; path = BackwordApp.swift; sourceTree = "<group>"; };
		8AF93C5B6979DA0324E913C9 /* SettingsView.swift */ = {isa = PBXFileReference; lastKnownFileType = sourcecode.swift; path = SettingsView.swift; sourceTree = "<group>"; };
		9165B37268686C367CEB6523 /* RatingBarView.swift */ = {isa = PBXFileReference; includeInIndex = 1; lastKnownFileType = sourcecode.swift; path = RatingBarView.swift; sourceTree = "<group>"; };
		91C21DA95E2C4F219E2947D0 /* GameViewModelTests.swift */ = {isa = PBXFileReference; lastKnownFileType = sourcecode.swift; path = GameViewModelTests.swift; sourceTree = "<group>"; };
		922354966A899721DF1CF25C /* CrosswordStatsView.swift */ = {isa = PBXFileReference; includeInIndex = 1; lastKnownFileType = sourcecode.swift; path = CrosswordStatsView.swift; sourceTree = "<group>"; };
		963F153A2AC2B9E9E8D44DAF /* RatingDetailSheet.swift */ = {isa = PBXFileReference; includeInIndex = 1; lastKnownFileType = sourcecode.swift; path = RatingDetailSheet.swift; sourceTree = "<group>"; };
		9D1AA88826DBFDA8FE8ECE12 /* HapticsEngine.swift */ = {isa = PBXFileReference; lastKnownFileType = sourcecode.swift; path = HapticsEngine.swift; sourceTree = "<group>"; };
		A04496BE6230D031AE10977A /* DebugSettingsView.swift */ = {isa = PBXFileReference; lastKnownFileType = sourcecode.swift; path = DebugSettingsView.swift; sourceTree = "<group>"; };
		A234FBA2F3CD340B6DB2C102 /* BackwordViewModelTests.swift */ = {isa = PBXFileReference; lastKnownFileType = sourcecode.swift; path = BackwordViewModelTests.swift; sourceTree = "<group>"; };
		A38BFC4B60EA86A8DF662F3E /* UserProgress.swift */ = {isa = PBXFileReference; lastKnownFileType = sourcecode.swift; path = UserProgress.swift; sourceTree = "<group>"; };
		A476BC6A4DF0107699E2A1FD /* BackwordService.swift */ = {isa = PBXFileReference; lastKnownFileType = sourcecode.swift; path = BackwordService.swift; sourceTree = "<group>"; };
		ABCD10000000000000000001 /* FeedbackEmailContentTests.swift */ = {isa = PBXFileReference; lastKnownFileType = sourcecode.swift; path = FeedbackEmailContentTests.swift; sourceTree = "<group>"; };
		ABCD10000000000000000002 /* FeedbackEmailContent.swift */ = {isa = PBXFileReference; lastKnownFileType = sourcecode.swift; path = FeedbackEmailContent.swift; sourceTree = "<group>"; };
		ABCD10000000000000000003 /* MailComposerView.swift */ = {isa = PBXFileReference; lastKnownFileType = sourcecode.swift; path = MailComposerView.swift; sourceTree = "<group>"; };
		B35393D8C1799968B4B9119D /* Assets.xcassets */ = {isa = PBXFileReference; lastKnownFileType = folder.assetcatalog; path = Assets.xcassets; sourceTree = "<group>"; };
		B63764C5F6E04CBD944B0FEB /* ArchiveMonth.swift */ = {isa = PBXFileReference; lastKnownFileType = sourcecode.swift; path = ArchiveMonth.swift; sourceTree = "<group>"; };
		B8669C3DD88CF9BC44A72C69 /* CellView.swift */ = {isa = PBXFileReference; lastKnownFileType = sourcecode.swift; path = CellView.swift; sourceTree = "<group>"; };
		BBAD8C25D043C7F852F2F85B /* OverallRatingTests.swift */ = {isa = PBXFileReference; includeInIndex = 1; lastKnownFileType = sourcecode.swift; path = OverallRatingTests.swift; sourceTree = "<group>"; };
		C31664D1AD154A3FB5415AA5 /* ArchivePuzzleRow.swift */ = {isa = PBXFileReference; lastKnownFileType = sourcecode.swift; path = ArchivePuzzleRow.swift; sourceTree = "<group>"; };
		C99766A650EBD6521697BD6C /* BackwordStats.swift */ = {isa = PBXFileReference; lastKnownFileType = sourcecode.swift; path = BackwordStats.swift; sourceTree = "<group>"; };
		C9C0EFCFD82AE5B548185AC6 /* WOTDService.swift */ = {isa = PBXFileReference; lastKnownFileType = sourcecode.swift; path = WOTDService.swift; sourceTree = "<group>"; };
		CAB36B91BB7D50A21760149C /* PuzzleGridView.swift */ = {isa = PBXFileReference; lastKnownFileType = sourcecode.swift; path = PuzzleGridView.swift; sourceTree = "<group>"; };
		D15EB4D0D354246894E51C7E /* CacheService.swift */ = {isa = PBXFileReference; lastKnownFileType = sourcecode.swift; path = CacheService.swift; sourceTree = "<group>"; };
		D6AAFAD519B1F99879B1643D /* StoreService.swift */ = {isa = PBXFileReference; lastKnownFileType = sourcecode.swift; path = StoreService.swift; sourceTree = "<group>"; };
		D84C8AB718DDE4C9E0EDDE1F /* ClueListView.swift */ = {isa = PBXFileReference; lastKnownFileType = sourcecode.swift; path = ClueListView.swift; sourceTree = "<group>"; };
		E6124F655D1ABA64F820B278 /* BackwordProgress.swift */ = {isa = PBXFileReference; lastKnownFileType = sourcecode.swift; path = BackwordProgress.swift; sourceTree = "<group>"; };
		E6C438C3B404924971764D12 /* CrosswordsProducts.storekit */ = {isa = PBXFileReference; lastKnownFileType = text; path = CrosswordsProducts.storekit; sourceTree = "<group>"; };
		E7143C2570D23B983CD7AF74 /* BackwordCard.swift */ = {isa = PBXFileReference; lastKnownFileType = sourcecode.swift; path = BackwordCard.swift; sourceTree = "<group>"; };
		E7ADB44BEDC57CE5114B0214 /* BackwordTests.xctest */ = {isa = PBXFileReference; includeInIndex = 0; lastKnownFileType = wrapper.cfbundle; path = BackwordTests.xctest; sourceTree = BUILT_PRODUCTS_DIR; };
		E7EE22FCCC10583E80948886 /* wotd_bank.json */ = {isa = PBXFileReference; lastKnownFileType = text.json; path = wotd_bank.json; sourceTree = "<group>"; };
		EE5A3938FD382B86EEB78063 /* ArchiveView.swift */ = {isa = PBXFileReference; lastKnownFileType = sourcecode.swift; path = ArchiveView.swift; sourceTree = "<group>"; };
		F051619E8C954DB295AB5E32 /* ArchiveDataSource.swift */ = {isa = PBXFileReference; lastKnownFileType = sourcecode.swift; path = ArchiveDataSource.swift; sourceTree = "<group>"; };
		F0FDCCDB6369D4F6CDBBED8C /* HomeView.swift */ = {isa = PBXFileReference; lastKnownFileType = sourcecode.swift; path = HomeView.swift; sourceTree = "<group>"; };
		F31C198A0EE68F6859AD60A4 /* PuzzleService.swift */ = {isa = PBXFileReference; lastKnownFileType = sourcecode.swift; path = PuzzleService.swift; sourceTree = "<group>"; };
/* End PBXFileReference section */

/* Begin PBXFileSystemSynchronizedBuildFileExceptionSet section */
		86E5BFE32FA162D300A42156 /* Exceptions for "Utilities" folder in "Backword" target */ = {
			isa = PBXFileSystemSynchronizedBuildFileExceptionSet;
			membershipExceptions = (
				DateFormatting.swift,
				"Int+Extensions.swift",
				Secrets.swift,
				SwipeBackModifier.swift,
				WordValidator.swift,
			);
			target = A53A431755E77FC7A5A5FCB4 /* Backword */;
		};
/* End PBXFileSystemSynchronizedBuildFileExceptionSet section */

/* Begin PBXFileSystemSynchronizedRootGroup section */
		860A8F242FCE196700C2BE38 /* SharedViews */ = {
			isa = PBXFileSystemSynchronizedRootGroup;
			path = SharedViews;
			sourceTree = "<group>";
		};
		86E5BFE02FA162B200A42156 /* Utilities */ = {
			isa = PBXFileSystemSynchronizedRootGroup;
			exceptions = (
				86E5BFE32FA162D300A42156 /* Exceptions for "Utilities" folder in "Backword" target */,
			);
			path = Utilities;
			sourceTree = "<group>";
		};
/* End PBXFileSystemSynchronizedRootGroup section */

/* Begin PBXFrameworksBuildPhase section */
		45490914F9B3DD3CBB222574 /* Frameworks */ = {
			isa = PBXFrameworksBuildPhase;
			buildActionMask = 2147483647;
			files = (
				86123BEA2FC900E5008A929E /* StoreKit.framework in Frameworks */,
				86F02E462FB9BE220083B752 /* Supabase in Frameworks */,
				05F1E1A52FFCFD9300F1E1A5 /* FirebaseAnalytics in Frameworks */,
				05F1E1A62FFCFD9300F1E1A5 /* FirebaseCore in Frameworks */,
				FC2E739DC6045316AD55D0F4 /* GoogleMobileAds in Frameworks */,
				05AD00072FFD000000000001 /* GoogleUserMessagingPlatform in Frameworks */,
			);
			runOnlyForDeploymentPostprocessing = 0;
		};
/* End PBXFrameworksBuildPhase section */

/* Begin PBXGroup section */
		00EC67C42E7E2A26C6A44CB3 /* BackwordTests */ = {
			isa = PBXGroup;
			children = (
				049A8A902FF6392D00A3D921 /* AdFreeExperienceButtonTests.swift */,
				04F1AE882FE2A3E6007A1001 /* AppVersionInfoTests.swift */,
				0838E5D62FE2E5AB00000001 /* ArchiveTabBarViewTests.swift */,
				30AAC0EA05C940EEA05D4CE9 /* ArchiveViewModelTests.swift */,
				05A1D9B62FFCF62100AD5001 /* BackwordAnalyticsEventTests.swift */,
				05AD00032FFD000000000001 /* AdConsentServiceTests.swift */,
				A234FBA2F3CD340B6DB2C102 /* BackwordViewModelTests.swift */,
				ABCD10000000000000000001 /* FeedbackEmailContentTests.swift */,
				91C21DA95E2C4F219E2947D0 /* GameViewModelTests.swift */,
				0838E5D42FE2D3A200000001 /* HomeTabBarViewTests.swift */,
				05A1D9B42FFCF62100AD5001 /* InterstitialPresentationGateTests.swift */,
				0A5F0E3B2FE322C700F00E3C /* LaunchSplashViewTests.swift */,
				BBAD8C25D043C7F852F2F85B /* OverallRatingTests.swift */,
				72C4C6D72B1A4930A633D528 /* RatingBarLabelLayoutTests.swift */,
				86BEEF002FDD000100000001 /* StoreServiceTests.swift */,
				6AA64C182BEEF7710023A110 /* WordBankTests.swift */,
			);
			path = BackwordTests;
			sourceTree = "<group>";
		};
		0574559B935CCFAA014F25D3 /* Models */ = {
			isa = PBXGroup;
			children = (
				B63764C5F6E04CBD944B0FEB /* ArchiveMonth.swift */,
				41BD8C5299844A6BAF87B504 /* AppSettings.swift */,
				15C99D912FE2A3E6007A1001 /* AppVersionInfo.swift */,
				E6124F655D1ABA64F820B278 /* BackwordProgress.swift */,
				C99766A650EBD6521697BD6C /* BackwordStats.swift */,
				20DC56EE6FE3BA2978D639A8 /* BackwordWord.swift */,
				ABCD10000000000000000002 /* FeedbackEmailContent.swift */,
				78FB91A4266664E312011B33 /* Puzzle.swift */,
				A38BFC4B60EA86A8DF662F3E /* UserProgress.swift */,
				1E4D0C7C19A4685DF1DC48C2 /* UserStats.swift */,
				7D68E5D9B55DF552855C5B33 /* WordOfTheDay.swift */,
				26FDFB84159BB8E3A26031D0 /* OverallRating.swift */,
				860A8F3B2FCEBA5100C2BE38 /* TipFactory.swift */,
			);
			path = Models;
			sourceTree = "<group>";
		};
		0CBB88961DE1D6BD2C28D2DF /* Products */ = {
			isa = PBXGroup;
			children = (
				038A68C6C4BF20D72379BD11 /* Backword.app */,
				E7ADB44BEDC57CE5114B0214 /* BackwordTests.xctest */,
			);
			name = Products;
			sourceTree = "<group>";
		};
		480E47CB48DFD8452D953BA9 /* Services */ = {
			isa = PBXGroup;
			children = (
				3C161669681E34C0C10A14A3 /* AdLogger.swift */,
				05AD00012FFD000000000001 /* AdConsentService.swift */,
				30C31A4805F0514D4233C775 /* AdService.swift */,
				F051619E8C954DB295AB5E32 /* ArchiveDataSource.swift */,
				3C16166B681E34C0C10A14A3 /* BackwordAnalyticsService.swift */,
				A476BC6A4DF0107699E2A1FD /* BackwordService.swift */,
				86FAA1582FB9B9150022EFF6 /* SupabaseClient.swift */,
				869FCBE12F9986FA00A280F2 /* BackwordStatsService.swift */,
				D15EB4D0D354246894E51C7E /* CacheService.swift */,
				9D1AA88826DBFDA8FE8ECE12 /* HapticsEngine.swift */,
				F31C198A0EE68F6859AD60A4 /* PuzzleService.swift */,
				47B091EBD64E55AE0AB83F4B /* StatsService.swift */,
				05F1E1A82FFCFD9300F1E1A5 /* StoreLogger.swift */,
				D6AAFAD519B1F99879B1643D /* StoreService.swift */,
				C9C0EFCFD82AE5B548185AC6 /* WOTDService.swift */,
				19A91B53D562DA6D94B1DC71 /* OverallRatingService.swift */,
			);
			path = Services;
			sourceTree = "<group>";
		};
		518B15E5224EB896A0687DB8 /* Resources */ = {
			isa = PBXGroup;
			children = (
				B35393D8C1799968B4B9119D /* Assets.xcassets */,
				E7EE22FCCC10583E80948886 /* wotd_bank.json */,
				86E5BFF52FA2BECA00A42156 /* OutfitFonts */,
			);
			path = Resources;
			sourceTree = "<group>";
		};
		7B759C0A827C394B73ACD4C4 /* Theme */ = {
			isa = PBXGroup;
			children = (
				8820C57EC2BCBADADEC4006C /* AppTheme.swift */,
				864905422FCE0720006A38A3 /* AppBackgroundGradient.swift */,
			);
			path = Theme;
			sourceTree = "<group>";
		};
		86AFC3CC2FBE53AF007623C3 /* Archive */ = {
			isa = PBXGroup;
			children = (
				EE5A3938FD382B86EEB78063 /* ArchiveView.swift */,
				1A9378292FE2E56600000001 /* ArchiveTabBarView.swift */,
				73D1C0AA78734BA68994AEF6 /* ArchiveMonthGrid.swift */,
				C31664D1AD154A3FB5415AA5 /* ArchivePuzzleRow.swift */,
				86AFC3CD2FBE53CA007623C3 /* BackwordArchiveRow.swift */,
			);
			path = Archive;
			sourceTree = "<group>";
		};
		86AFC3CF2FBFC323007623C3 /* RatingDetails */ = {
			isa = PBXGroup;
			children = (
				963F153A2AC2B9E9E8D44DAF /* RatingDetailSheet.swift */,
				86AFC3D62FC25567007623C3 /* ScoreChipView.swift */,
				86AFC3D02FBFC367007623C3 /* ScoringRuleView.swift */,
			);
			path = RatingDetails;
			sourceTree = "<group>";
		};
		86E5BFF52FA2BECA00A42156 /* OutfitFonts */ = {
			isa = PBXGroup;
			children = (
				86E5BFEC2FA2BECA00A42156 /* Outfit-Black.ttf */,
				86E5BFED2FA2BECA00A42156 /* Outfit-Bold.ttf */,
				86E5BFEE2FA2BECA00A42156 /* Outfit-ExtraBold.ttf */,
				86E5BFEF2FA2BECA00A42156 /* Outfit-ExtraLight.ttf */,
				86E5BFF02FA2BECA00A42156 /* Outfit-Light.ttf */,
				86E5BFF12FA2BECA00A42156 /* Outfit-Medium.ttf */,
				86E5BFF22FA2BECA00A42156 /* Outfit-Regular.ttf */,
				86E5BFF32FA2BECA00A42156 /* Outfit-SemiBold.ttf */,
				86E5BFF42FA2BECA00A42156 /* Outfit-Thin.ttf */,
			);
			path = OutfitFonts;
			sourceTree = "<group>";
		};
		86E5C0062FA9207600A42156 /* HomeScreen */ = {
			isa = PBXGroup;
			children = (
				F0FDCCDB6369D4F6CDBBED8C /* HomeView.swift */,
				867281252FE2D39C00000001 /* HomeTabBarView.swift */,
				809E28C82FF638D200FF7B33 /* AdFreeExperienceButton.swift */,
				86E5C00B2FA94D8A00A42156 /* DailyCrosswordCard.swift */,
				86E5C0092FA9211200A42156 /* WeeklyCrosswordCard.swift */,
				86F02E472FBA14FF0083B752 /* StatusLabelView.swift */,
				86F02E492FBA15550083B752 /* PuzzleStatus.swift */,
			);
			path = HomeScreen;
			sourceTree = "<group>";
		};
		86F02E442FB9BE220083B752 /* Frameworks */ = {
			isa = PBXGroup;
			children = (
				86123BE92FC900E5008A929E /* StoreKit.framework */,
			);
			name = Frameworks;
			sourceTree = "<group>";
		};
		86FAA1472FB27DFB0022EFF6 /* Crosswords */ = {
			isa = PBXGroup;
			children = (
				CAB36B91BB7D50A21760149C /* PuzzleGridView.swift */,
				0BD9FF2FC2ECF11EDD31D930 /* PuzzleView.swift */,
				7EDCB92E82855EB80981B63B /* KeyboardInputView.swift */,
				86FAA14E2FB4F8C00022EFF6 /* CustomKeyboardView.swift */,
				B8669C3DD88CF9BC44A72C69 /* CellView.swift */,
				2519353944EB9D4F32644E32 /* ClueBarView.swift */,
				D84C8AB718DDE4C9E0EDDE1F /* ClueListView.swift */,
				6C44B7584617BA53797B0963 /* ZoomableView.swift */,
				741EF0B3C1470452272529E1 /* CompletionView.swift */,
			);
			path = Crosswords;
			sourceTree = "<group>";
		};
		BBA3617EFAC18A3821319F9A /* Backword */ = {
			isa = PBXGroup;
			children = (
				E7143C2570D23B983CD7AF74 /* BackwordCard.swift */,
				40ACCF7B840800AA52BD9ED7 /* BackwordGuessRow.swift */,
				2259B66045D006E89462572C /* BackwordLetterCell.swift */,
				464EFF9C497E2B1F8674F3B7 /* BackwordView.swift */,
				86AFC3D22FC20460007623C3 /* BackwordInstructionsContentView.swift */,
				86AE8C962F913EAB001D69EE /* BackwordLogo.swift */,
				86AE8C982FE31F01001D69EE /* LaunchSplashView.swift */,
				869FCBE32F99871800A280F2 /* BackwordStatsView.swift */,
			);
			path = Backword;
			sourceTree = "<group>";
		};
		C706B4704F6EC022F822EB56 /* Backword */ = {
			isa = PBXGroup;
			children = (
				86E5BFE02FA162B200A42156 /* Utilities */,
				CFFA6D1B9E7C8A79F840A64E /* App */,
				F12D87FC4D824503857237D6 /* Configuration */,
				0574559B935CCFAA014F25D3 /* Models */,
				518B15E5224EB896A0687DB8 /* Resources */,
				480E47CB48DFD8452D953BA9 /* Services */,
				7B759C0A827C394B73ACD4C4 /* Theme */,
				D5A47C913B0947C0B37F2D61 /* ViewModels */,
				EFC005C9CEABE981870F3D65 /* Views */,
				8299222FB15ED0ECC8305F8A /* Info.plist */,
				86A5B0C32FE5DEC20047F55F /* GoogleService-Info.plist */,
			);
			path = Backword;
			sourceTree = "<group>";
		};
		CE07B55B8DDAC8953BD35BAF = {
			isa = PBXGroup;
			children = (
				86123BC82FC6529F008A929E /* Config.xcconfig */,
				C706B4704F6EC022F822EB56 /* Backword */,
				00EC67C42E7E2A26C6A44CB3 /* BackwordTests */,
				86F02E442FB9BE220083B752 /* Frameworks */,
				0CBB88961DE1D6BD2C28D2DF /* Products */,
			);
			sourceTree = "<group>";
		};
		CFFA6D1B9E7C8A79F840A64E /* App */ = {
			isa = PBXGroup;
			children = (
				894071960CD50EDF948DA15E /* BackwordApp.swift */,
			);
			path = App;
			sourceTree = "<group>";
		};
		D5A47C913B0947C0B37F2D61 /* ViewModels */ = {
			isa = PBXGroup;
			children = (
				625E52DC74D846679E9A73FE /* ArchiveViewModel.swift */,
				64455C838772CB66C039CCE2 /* BackwordViewModel.swift */,
				0C4762545EDB078B5DA1FA49 /* GameViewModel.swift */,
				3838DB082E2416DB47994C4D /* HomeViewModel.swift */,
			);
			path = ViewModels;
			sourceTree = "<group>";
		};
		EFC005C9CEABE981870F3D65 /* Views */ = {
			isa = PBXGroup;
			children = (
				860A8F242FCE196700C2BE38 /* SharedViews */,
				BBA3617EFAC18A3821319F9A /* Backword */,
				86AFC3CC2FBE53AF007623C3 /* Archive */,
				A04496BE6230D031AE10977A /* DebugSettingsView.swift */,
				86E5C0062FA9207600A42156 /* HomeScreen */,
				ABCD10000000000000000003 /* MailComposerView.swift */,
				0F6138C6D7443C2F49421F8A /* MiniGridPattern.swift */,
				83C12AC56422D31E9D619C3E /* PaywallView.swift */,
				86FAA1472FB27DFB0022EFF6 /* Crosswords */,
				8AF93C5B6979DA0324E913C9 /* SettingsView.swift */,
				8254031869B9E1FAC8C5A377 /* StatsView2.swift */,
				86AFC3D42FC2402F007623C3 /* StatsView.swift */,
				7CFE3BE7131C4A71B3845485 /* WOTDDetailView.swift */,
				9165B37268686C367CEB6523 /* RatingBarView.swift */,
				86AFC3CF2FBFC323007623C3 /* RatingDetails */,
				922354966A899721DF1CF25C /* CrosswordStatsView.swift */,
			);
			path = Views;
			sourceTree = "<group>";
		};
		F12D87FC4D824503857237D6 /* Configuration */ = {
			isa = PBXGroup;
			children = (
				E6C438C3B404924971764D12 /* CrosswordsProducts.storekit */,
			);
			path = Configuration;
			sourceTree = "<group>";
		};
/* End PBXGroup section */

/* Begin PBXNativeTarget section */
		A53A431755E77FC7A5A5FCB4 /* Backword */ = {
			isa = PBXNativeTarget;
			buildConfigurationList = 1025DDEC5AC8078AFC15946E /* Build configuration list for PBXNativeTarget "Backword" */;
			buildPhases = (
				85BA7F455EDEF6CD5C167E32 /* Sources */,
				80B17E751DBE0196DDD116C2 /* Resources */,
				45490914F9B3DD3CBB222574 /* Frameworks */,
			);
			buildRules = (
			);
			dependencies = (
			);
			fileSystemSynchronizedGroups = (
				860A8F242FCE196700C2BE38 /* SharedViews */,
			);
			name = Backword;
			packageProductDependencies = (
				9919F8A6B05C3D85B7C8E63E /* GoogleMobileAds */,
				05AD00062FFD000000000001 /* GoogleUserMessagingPlatform */,
				05F1E1A42FFCFD9300F1E1A5 /* FirebaseAnalytics */,
				05F1E1A32FFCFD9300F1E1A5 /* FirebaseCore */,
				86F02E452FB9BE220083B752 /* Supabase */,
			);
			productName = Backword;
			productReference = 038A68C6C4BF20D72379BD11 /* Backword.app */;
			productType = "com.apple.product-type.application";
		};
		A60CF6E56E2650CA189CE1C2 /* BackwordTests */ = {
			isa = PBXNativeTarget;
			buildConfigurationList = F707970D801B1C367EDBD257 /* Build configuration list for PBXNativeTarget "BackwordTests" */;
			buildPhases = (
				8212EC886136BDF411E688D6 /* Sources */,
			);
			buildRules = (
			);
			dependencies = (
				18A103E6AD455C0729B840D6 /* PBXTargetDependency */,
			);
			name = BackwordTests;
			productName = BackwordTests;
			productReference = E7ADB44BEDC57CE5114B0214 /* BackwordTests.xctest */;
			productType = "com.apple.product-type.bundle.unit-test";
		};
/* End PBXNativeTarget section */

/* Begin PBXProject section */
		D93CF7FB3A0A88AE426BE935 /* Project object */ = {
			isa = PBXProject;
			attributes = {
				BuildIndependentTargetsInParallel = YES;
				LastUpgradeCheck = 1500;
			};
			buildConfigurationList = 4DFA3943BD6ED929F405E917 /* Build configuration list for PBXProject "Backword" */;
			developmentRegion = en;
			hasScannedForEncodings = 0;
			knownRegions = (
				Base,
				en,
			);
			mainGroup = CE07B55B8DDAC8953BD35BAF;
			minimizedProjectReferenceProxies = 1;
			packageReferences = (
				92AE2339B0D3055DBBC232EC /* XCRemoteSwiftPackageReference "swift-package-manager-google-mobile-ads" */,
				05AD00052FFD000000000001 /* XCRemoteSwiftPackageReference "swift-package-manager-google-user-messaging-platform" */,
				05F1E1A22FFCFD9300F1E1A5 /* XCRemoteSwiftPackageReference "firebase-ios-sdk" */,
				86FAA15A2FB9BA750022EFF6 /* XCRemoteSwiftPackageReference "supabase-swift" */,
			);
			preferredProjectObjectVersion = 77;
			productRefGroup = 0CBB88961DE1D6BD2C28D2DF /* Products */;
			projectDirPath = "";
			projectRoot = "";
			targets = (
				A53A431755E77FC7A5A5FCB4 /* Backword */,
				A60CF6E56E2650CA189CE1C2 /* BackwordTests */,
			);
		};
/* End PBXProject section */

/* Begin PBXResourcesBuildPhase section */
		80B17E751DBE0196DDD116C2 /* Resources */ = {
			isa = PBXResourcesBuildPhase;
			buildActionMask = 2147483647;
			files = (
				86A5B0C42FE5DEC20047F55F /* GoogleService-Info.plist in Resources */,
				BEF00EC711F525FD3B8EB3DE /* Assets.xcassets in Resources */,
				86E5BFF62FA2BECA00A42156 /* Outfit-Light.ttf in Resources */,
				86E5BFF72FA2BECA00A42156 /* Outfit-Thin.ttf in Resources */,
				86E5BFF82FA2BECA00A42156 /* Outfit-Black.ttf in Resources */,
				86E5BFF92FA2BECA00A42156 /* Outfit-Medium.ttf in Resources */,
				86E5BFFA2FA2BECA00A42156 /* Outfit-Regular.ttf in Resources */,
				86E5BFFB2FA2BECA00A42156 /* Outfit-SemiBold.ttf in Resources */,
				86E5BFFC2FA2BECA00A42156 /* Outfit-ExtraLight.ttf in Resources */,
				86E5BFFD2FA2BECA00A42156 /* Outfit-ExtraBold.ttf in Resources */,
				86E5BFFE2FA2BECA00A42156 /* Outfit-Bold.ttf in Resources */,
				90808C76567660E437B97316 /* CrosswordsProducts.storekit in Resources */,
				10DA4E78777801F05B5F7B2A /* wotd_bank.json in Resources */,
			);
			runOnlyForDeploymentPostprocessing = 0;
		};
/* End PBXResourcesBuildPhase section */

/* Begin PBXSourcesBuildPhase section */
		8212EC886136BDF411E688D6 /* Sources */ = {
			isa = PBXSourcesBuildPhase;
			buildActionMask = 2147483647;
			files = (
				049A8A912FF6392D00A3D921 /* AdFreeExperienceButtonTests.swift in Sources */,
				04F1AE892FE2A3E6007A1001 /* AppVersionInfoTests.swift in Sources */,
				0838E5D72FE2E5AB00000001 /* ArchiveTabBarViewTests.swift in Sources */,
				05A1D9B72FFCF62100AD5001 /* BackwordAnalyticsEventTests.swift in Sources */,
				05AD00042FFD000000000001 /* AdConsentServiceTests.swift in Sources */,
				ABCD10000000000000000004 /* FeedbackEmailContentTests.swift in Sources */,
				9DAB5905105243A7AB4CA249 /* ArchiveViewModelTests.swift in Sources */,
				6113351E253762AC9BB6A8E0 /* BackwordViewModelTests.swift in Sources */,
				6B0F8E2B5B724322AE390E5B /* GameViewModelTests.swift in Sources */,
				0838E5D52FE2D3A200000001 /* HomeTabBarViewTests.swift in Sources */,
				05A1D9B52FFCF62100AD5001 /* InterstitialPresentationGateTests.swift in Sources */,
				0A5F0E3C2FE322C700F00E3C /* LaunchSplashViewTests.swift in Sources */,
				7E83B33444F63FBE338C8198 /* OverallRatingTests.swift in Sources */,
				72C4C6D82B1A4930A633D528 /* RatingBarLabelLayoutTests.swift in Sources */,
				86BEEF012FDD000100000001 /* StoreServiceTests.swift in Sources */,
				6AA64C192BEEF7710023A110 /* WordBankTests.swift in Sources */,
			);
			runOnlyForDeploymentPostprocessing = 0;
		};
		85BA7F455EDEF6CD5C167E32 /* Sources */ = {
			isa = PBXSourcesBuildPhase;
			buildActionMask = 2147483647;
			files = (
				3C16166A681E34C0C10A14A3 /* AdLogger.swift in Sources */,
				05AD00022FFD000000000001 /* AdConsentService.swift in Sources */,
				3C161668681E34C0C10A14A3 /* AdService.swift in Sources */,
				0DA31D12549E411AB92C784C /* ArchiveDataSource.swift in Sources */,
				3C16166C681E34C0C10A14A3 /* BackwordAnalyticsService.swift in Sources */,
				E2020AB31629439996CCB55A /* ArchiveMonth.swift in Sources */,
				1E354F5B18434CB3B98C776D /* ArchiveMonthGrid.swift in Sources */,
				1A9378281C994E16BFCC1FDC /* ArchivePuzzleRow.swift in Sources */,
				1A93782A2FE2E56600000001 /* ArchiveTabBarView.swift in Sources */,
				95726DE84D084852B6D77C8C /* ArchiveViewModel.swift in Sources */,
				809E28C92FF638D200FF7B33 /* AdFreeExperienceButton.swift in Sources */,
				437E4CF0032D9E5D69A92C43 /* AppSettings.swift in Sources */,
				15C99D922FE2A3E6007A1001 /* AppVersionInfo.swift in Sources */,
				149802310440A77534BB615E /* AppTheme.swift in Sources */,
				ABCD10000000000000000005 /* FeedbackEmailContent.swift in Sources */,
				F84C34B9EE4462A3EAF19616 /* ArchiveView.swift in Sources */,
				86AFC3D32FC20460007623C3 /* BackwordInstructionsContentView.swift in Sources */,
				86E5C00C2FA94D8A00A42156 /* DailyCrosswordCard.swift in Sources */,
				E8738842257712E4D5867D6B /* BackwordApp.swift in Sources */,
				869FCBE42F99871800A280F2 /* BackwordStatsView.swift in Sources */,
				86FAA1592FB9B9150022EFF6 /* SupabaseClient.swift in Sources */,
				86AFC3D72FC25567007623C3 /* ScoreChipView.swift in Sources */,
				CF96B7A7D6669B73DBA8125E /* BackwordCard.swift in Sources */,
				7D3636249D4EA1ACE0D6916C /* BackwordGuessRow.swift in Sources */,
				87051E8136E314CB2A272A91 /* BackwordLetterCell.swift in Sources */,
				86AFC3D12FBFC367007623C3 /* ScoringRuleView.swift in Sources */,
				DDA73F76F25BD250D7119DEA /* BackwordProgress.swift in Sources */,
				8FB170C4A0F5A06EC9069AF6 /* BackwordService.swift in Sources */,
				23B843AEA4BD3659C133FD9D /* BackwordStats.swift in Sources */,
				E9501AAB5231A6C28698D2E6 /* BackwordView.swift in Sources */,
				1D5CED31842B691A8E91932F /* BackwordViewModel.swift in Sources */,
				EAD7311D1E0CE5265794E80E /* BackwordWord.swift in Sources */,
				860A8F3C2FCEBA5100C2BE38 /* TipFactory.swift in Sources */,
				A220B5F6D4E48FCC57832B9C /* CacheService.swift in Sources */,
				86AE8C972F913EAB001D69EE /* BackwordLogo.swift in Sources */,
				86AE8C992FE31F01001D69EE /* LaunchSplashView.swift in Sources */,
				84A6DDAE7557421BC685E350 /* CellView.swift in Sources */,
				BB8A42F028D03862BEE427CD /* ClueBarView.swift in Sources */,
				C2A2E6FA90B85E2884F67538 /* ClueListView.swift in Sources */,
				AC638DF36320A3F8C6EFDE6E /* CompletionView.swift in Sources */,
				86AFC3D52FC2402F007623C3 /* StatsView.swift in Sources */,
				21618E85BCB44C8BE6735598 /* DebugSettingsView.swift in Sources */,
				9344322FC4BD6682AB74BE2A /* GameViewModel.swift in Sources */,
				864905432FCE0720006A38A3 /* AppBackgroundGradient.swift in Sources */,
				8EF7F8087FF836F1BFC62151 /* HapticsEngine.swift in Sources */,
				869FCBE22F9986FA00A280F2 /* BackwordStatsService.swift in Sources */,
				86FAA14F2FB4F8C00022EFF6 /* CustomKeyboardView.swift in Sources */,
				867281262FE2D39C00000001 /* HomeTabBarView.swift in Sources */,
				86728124E533B5942EADAB51 /* HomeView.swift in Sources */,
				05256FA0ABC9B788BBAABD5B /* HomeViewModel.swift in Sources */,
				549205098DAD4DCC7F508DD1 /* KeyboardInputView.swift in Sources */,
				9F66E5C1AA96EC8A2DBEADF1 /* MiniGridPattern.swift in Sources */,
				ABCD10000000000000000006 /* MailComposerView.swift in Sources */,
				753A45E043CDDEBF5C5DBB36 /* PaywallView.swift in Sources */,
				30E8BB67675128C8176A7F6E /* Puzzle.swift in Sources */,
				86AFC3CE2FBE53CA007623C3 /* BackwordArchiveRow.swift in Sources */,
				51C6F9994EF7199F8EDDF3CA /* PuzzleGridView.swift in Sources */,
				39D867F5E790F76409AF8AE0 /* PuzzleService.swift in Sources */,
				02C1A6E50078D9539A02B6DE /* PuzzleView.swift in Sources */,
				58638D080E0090141DE592A2 /* SettingsView.swift in Sources */,
				D39F9C4C078DA5925A365ABB /* StatsService.swift in Sources */,
				05F1E1A72FFCFD9300F1E1A5 /* StoreLogger.swift in Sources */,
				B87E042C9276130084747CA3 /* StatsView2.swift in Sources */,
				D380A06E810FCE5F5A7B9D43 /* StoreService.swift in Sources */,
				C9B78241F73047C516573390 /* UserProgress.swift in Sources */,
				46E2C3DE4959F83FA6F2E5E1 /* UserStats.swift in Sources */,
				E73EB146AC34410C2E51519A /* WOTDDetailView.swift in Sources */,
				B022F8B276983EAF1219E126 /* WOTDService.swift in Sources */,
				86F02E482FBA14FF0083B752 /* StatusLabelView.swift in Sources */,
				9248622AF11FEBE6A948671B /* WordOfTheDay.swift in Sources */,
				83FBB193723C144A6456932E /* ZoomableView.swift in Sources */,
				FB8811D4DA46B6D23CDE6ED8 /* OverallRating.swift in Sources */,
				143A79FE56648107686BEF85 /* OverallRatingService.swift in Sources */,
				86F02E4A2FBA15550083B752 /* PuzzleStatus.swift in Sources */,
				70FDEC9954ABAD6370C542F4 /* RatingBarView.swift in Sources */,
				CDFB51C30CE8784881171A9F /* RatingDetailSheet.swift in Sources */,
				8F92754416251062C7FCA46E /* CrosswordStatsView.swift in Sources */,
				86E5C00A2FA9211200A42156 /* WeeklyCrosswordCard.swift in Sources */,
			);
			runOnlyForDeploymentPostprocessing = 0;
		};
/* End PBXSourcesBuildPhase section */

/* Begin PBXTargetDependency section */
		18A103E6AD455C0729B840D6 /* PBXTargetDependency */ = {
			isa = PBXTargetDependency;
			target = A53A431755E77FC7A5A5FCB4 /* Backword */;
			targetProxy = 8F9BF44D4E5CBCA586DD57D2 /* PBXContainerItemProxy */;
		};
/* End PBXTargetDependency section */

/* Begin XCBuildConfiguration section */
		1F5B46307120A5030FADE981 /* Debug */ = {
			isa = XCBuildConfiguration;
			baseConfigurationReference = 86123BC82FC6529F008A929E /* Config.xcconfig */;
			buildSettings = {
				ASSETCATALOG_COMPILER_APPICON_NAME = AppIcon;
				ASSETCATALOG_COMPILER_GLOBAL_ACCENT_COLOR_NAME = AccentColor;
				CODE_SIGN_IDENTITY = "iPhone Developer";
				CURRENT_PROJECT_VERSION = 5;
				DEVELOPMENT_TEAM = DN4729AK8V;
				GENERATE_INFOPLIST_FILE = YES;
				INFOPLIST_FILE = Backword/Info.plist;
				INFOPLIST_KEY_CFBundleDisplayName = BackWord;
				INFOPLIST_KEY_LSApplicationCategoryType = "public.app-category.word-games";
				INFOPLIST_KEY_UILaunchScreen_Generation = YES;
				INFOPLIST_KEY_UISupportedInterfaceOrientations = UIInterfaceOrientationPortrait;
				INFOPLIST_KEY_UISupportedInterfaceOrientations_iPad = "UIInterfaceOrientationLandscapeLeft UIInterfaceOrientationLandscapeRight UIInterfaceOrientationPortrait UIInterfaceOrientationPortraitUpsideDown";
				IPHONEOS_DEPLOYMENT_TARGET = 17.6;
				LD_RUNPATH_SEARCH_PATHS = (
					"$(inherited)",
					"@executable_path/Frameworks",
				);
				MARKETING_VERSION = 1.0;
				PRODUCT_BUNDLE_IDENTIFIER = com.backword.app;
				SDKROOT = iphoneos;
				TARGETED_DEVICE_FAMILY = "1,2";
			};
			name = Debug;
		};
		3794123F5E0061E0719A5523 /* Debug */ = {
			isa = XCBuildConfiguration;
			buildSettings = {
				BUNDLE_LOADER = "$(TEST_HOST)";
				GENERATE_INFOPLIST_FILE = YES;
				IPHONEOS_DEPLOYMENT_TARGET = 17.6;
				LD_RUNPATH_SEARCH_PATHS = (
					"$(inherited)",
					"@executable_path/Frameworks",
					"@loader_path/Frameworks",
				);
				PRODUCT_BUNDLE_IDENTIFIER = com.backword.app.tests;
				SDKROOT = iphoneos;
				TARGETED_DEVICE_FAMILY = "1,2";
				TEST_HOST = "$(BUILT_PRODUCTS_DIR)/Backword.app/Backword";
			};
			name = Debug;
		};
		573F84860A3E123E6F5A337A /* Release */ = {
			isa = XCBuildConfiguration;
			buildSettings = {
				ALWAYS_SEARCH_USER_PATHS = NO;
				CLANG_ANALYZER_NONNULL = YES;
				CLANG_ANALYZER_NUMBER_OBJECT_CONVERSION = YES_AGGRESSIVE;
				CLANG_CXX_LANGUAGE_STANDARD = "gnu++14";
				CLANG_CXX_LIBRARY = "libc++";
				CLANG_ENABLE_MODULES = YES;
				CLANG_ENABLE_OBJC_ARC = YES;
				CLANG_ENABLE_OBJC_WEAK = YES;
				CLANG_WARN_BLOCK_CAPTURE_AUTORELEASING = YES;
				CLANG_WARN_BOOL_CONVERSION = YES;
				CLANG_WARN_COMMA = YES;
				CLANG_WARN_CONSTANT_CONVERSION = YES;
				CLANG_WARN_DEPRECATED_OBJC_IMPLEMENTATIONS = YES;
				CLANG_WARN_DIRECT_OBJC_ISA_USAGE = YES_ERROR;
				CLANG_WARN_DOCUMENTATION_COMMENTS = YES;
				CLANG_WARN_EMPTY_BODY = YES;
				CLANG_WARN_ENUM_CONVERSION = YES;
				CLANG_WARN_INFINITE_RECURSION = YES;
				CLANG_WARN_INT_CONVERSION = YES;
				CLANG_WARN_NON_LITERAL_NULL_CONVERSION = YES;
				CLANG_WARN_OBJC_IMPLICIT_RETAIN_SELF = YES;
				CLANG_WARN_OBJC_LITERAL_CONVERSION = YES;
				CLANG_WARN_OBJC_ROOT_CLASS = YES_ERROR;
				CLANG_WARN_QUOTED_INCLUDE_IN_FRAMEWORK_HEADER = YES;
				CLANG_WARN_RANGE_LOOP_ANALYSIS = YES;
				CLANG_WARN_STRICT_PROTOTYPES = YES;
				CLANG_WARN_SUSPICIOUS_MOVE = YES;
				CLANG_WARN_UNGUARDED_AVAILABILITY = YES_AGGRESSIVE;
				CLANG_WARN_UNREACHABLE_CODE = YES;
				CLANG_WARN__DUPLICATE_METHOD_MATCH = YES;
				COPY_PHASE_STRIP = NO;
				DEBUG_INFORMATION_FORMAT = "dwarf-with-dsym";
				ENABLE_NS_ASSERTIONS = NO;
				ENABLE_STRICT_OBJC_MSGSEND = YES;
				GCC_C_LANGUAGE_STANDARD = gnu11;
				GCC_NO_COMMON_BLOCKS = YES;
				GCC_WARN_64_TO_32_BIT_CONVERSION = YES;
				GCC_WARN_ABOUT_RETURN_TYPE = YES_ERROR;
				GCC_WARN_UNDECLARED_SELECTOR = YES;
				GCC_WARN_UNINITIALIZED_AUTOS = YES_AGGRESSIVE;
				GCC_WARN_UNUSED_FUNCTION = YES;
				GCC_WARN_UNUSED_VARIABLE = YES;
				INFOPLIST_KEY_CFBundleDisplayName = BackWord;
				INFOPLIST_KEY_UILaunchScreen_Generation = YES;
				INFOPLIST_KEY_UISupportedInterfaceOrientations = UIInterfaceOrientationPortrait;
				IPHONEOS_DEPLOYMENT_TARGET = 17.6;
				MTL_ENABLE_DEBUG_INFO = NO;
				MTL_FAST_MATH = YES;
				PRODUCT_NAME = "$(TARGET_NAME)";
				SDKROOT = iphoneos;
				SWIFT_COMPILATION_MODE = wholemodule;
				SWIFT_OPTIMIZATION_LEVEL = "-O";
				SWIFT_VERSION = 5.9;
				TARGETED_DEVICE_FAMILY = 1;
			};
			name = Release;
		};
		7439488237FD5F170316DD05 /* Release */ = {
			isa = XCBuildConfiguration;
			buildSettings = {
				BUNDLE_LOADER = "$(TEST_HOST)";
				GENERATE_INFOPLIST_FILE = YES;
				IPHONEOS_DEPLOYMENT_TARGET = 17.6;
				LD_RUNPATH_SEARCH_PATHS = (
					"$(inherited)",
					"@executable_path/Frameworks",
					"@loader_path/Frameworks",
				);
				PRODUCT_BUNDLE_IDENTIFIER = com.backword.app.tests;
				SDKROOT = iphoneos;
				TARGETED_DEVICE_FAMILY = "1,2";
				TEST_HOST = "$(BUILT_PRODUCTS_DIR)/Backword.app/Backword";
			};
			name = Release;
		};
		8B1936F0D41E5CE84FEE702C /* Debug */ = {
			isa = XCBuildConfiguration;
			buildSettings = {
				ALWAYS_SEARCH_USER_PATHS = NO;
				CLANG_ANALYZER_NONNULL = YES;
				CLANG_ANALYZER_NUMBER_OBJECT_CONVERSION = YES_AGGRESSIVE;
				CLANG_CXX_LANGUAGE_STANDARD = "gnu++14";
				CLANG_CXX_LIBRARY = "libc++";
				CLANG_ENABLE_MODULES = YES;
				CLANG_ENABLE_OBJC_ARC = YES;
				CLANG_ENABLE_OBJC_WEAK = YES;
				CLANG_WARN_BLOCK_CAPTURE_AUTORELEASING = YES;
				CLANG_WARN_BOOL_CONVERSION = YES;
				CLANG_WARN_COMMA = YES;
				CLANG_WARN_CONSTANT_CONVERSION = YES;
				CLANG_WARN_DEPRECATED_OBJC_IMPLEMENTATIONS = YES;
				CLANG_WARN_DIRECT_OBJC_ISA_USAGE = YES_ERROR;
				CLANG_WARN_DOCUMENTATION_COMMENTS = YES;
				CLANG_WARN_EMPTY_BODY = YES;
				CLANG_WARN_ENUM_CONVERSION = YES;
				CLANG_WARN_INFINITE_RECURSION = YES;
				CLANG_WARN_INT_CONVERSION = YES;
				CLANG_WARN_NON_LITERAL_NULL_CONVERSION = YES;
				CLANG_WARN_OBJC_IMPLICIT_RETAIN_SELF = YES;
				CLANG_WARN_OBJC_LITERAL_CONVERSION = YES;
				CLANG_WARN_OBJC_ROOT_CLASS = YES_ERROR;
				CLANG_WARN_QUOTED_INCLUDE_IN_FRAMEWORK_HEADER = YES;
				CLANG_WARN_RANGE_LOOP_ANALYSIS = YES;
				CLANG_WARN_STRICT_PROTOTYPES = YES;
				CLANG_WARN_SUSPICIOUS_MOVE = YES;
				CLANG_WARN_UNGUARDED_AVAILABILITY = YES_AGGRESSIVE;
				CLANG_WARN_UNREACHABLE_CODE = YES;
				CLANG_WARN__DUPLICATE_METHOD_MATCH = YES;
				COPY_PHASE_STRIP = NO;
				DEBUG_INFORMATION_FORMAT = dwarf;
				ENABLE_STRICT_OBJC_MSGSEND = YES;
				ENABLE_TESTABILITY = YES;
				GCC_C_LANGUAGE_STANDARD = gnu11;
				GCC_DYNAMIC_NO_PIC = NO;
				GCC_NO_COMMON_BLOCKS = YES;
				GCC_OPTIMIZATION_LEVEL = 0;
				GCC_PREPROCESSOR_DEFINITIONS = (
					"$(inherited)",
					"DEBUG=1",
				);
				GCC_WARN_64_TO_32_BIT_CONVERSION = YES;
				GCC_WARN_ABOUT_RETURN_TYPE = YES_ERROR;
				GCC_WARN_UNDECLARED_SELECTOR = YES;
				GCC_WARN_UNINITIALIZED_AUTOS = YES_AGGRESSIVE;
				GCC_WARN_UNUSED_FUNCTION = YES;
				GCC_WARN_UNUSED_VARIABLE = YES;
				INFOPLIST_KEY_CFBundleDisplayName = BackWord;
				INFOPLIST_KEY_UILaunchScreen_Generation = YES;
				INFOPLIST_KEY_UISupportedInterfaceOrientations = UIInterfaceOrientationPortrait;
				IPHONEOS_DEPLOYMENT_TARGET = 17.6;
				MTL_ENABLE_DEBUG_INFO = INCLUDE_SOURCE;
				MTL_FAST_MATH = YES;
				ONLY_ACTIVE_ARCH = YES;
				PRODUCT_NAME = "$(TARGET_NAME)";
				SDKROOT = iphoneos;
				SWIFT_ACTIVE_COMPILATION_CONDITIONS = DEBUG;
				SWIFT_OPTIMIZATION_LEVEL = "-Onone";
				SWIFT_VERSION = 5.9;
				TARGETED_DEVICE_FAMILY = 1;
			};
			name = Debug;
		};
		9D1B29E51F65F4D8D9600521 /* Release */ = {
			isa = XCBuildConfiguration;
			baseConfigurationReference = 86123BC82FC6529F008A929E /* Config.xcconfig */;
			buildSettings = {
				ASSETCATALOG_COMPILER_APPICON_NAME = AppIcon;
				ASSETCATALOG_COMPILER_GLOBAL_ACCENT_COLOR_NAME = AccentColor;
				CODE_SIGN_IDENTITY = "iPhone Developer";
				CURRENT_PROJECT_VERSION = 5;
				DEVELOPMENT_TEAM = DN4729AK8V;
				GENERATE_INFOPLIST_FILE = YES;
				INFOPLIST_FILE = Backword/Info.plist;
				INFOPLIST_KEY_CFBundleDisplayName = BackWord;
				INFOPLIST_KEY_LSApplicationCategoryType = "public.app-category.word-games";
				INFOPLIST_KEY_UILaunchScreen_Generation = YES;
				INFOPLIST_KEY_UISupportedInterfaceOrientations = UIInterfaceOrientationPortrait;
				INFOPLIST_KEY_UISupportedInterfaceOrientations_iPad = "UIInterfaceOrientationLandscapeLeft UIInterfaceOrientationLandscapeRight UIInterfaceOrientationPortrait UIInterfaceOrientationPortraitUpsideDown";
				IPHONEOS_DEPLOYMENT_TARGET = 17.6;
				LD_RUNPATH_SEARCH_PATHS = (
					"$(inherited)",
					"@executable_path/Frameworks",
				);
				MARKETING_VERSION = 1.0;
				PRODUCT_BUNDLE_IDENTIFIER = com.backword.app;
				SDKROOT = iphoneos;
				TARGETED_DEVICE_FAMILY = "1,2";
			};
			name = Release;
		};
/* End XCBuildConfiguration section */

/* Begin XCConfigurationList section */
		1025DDEC5AC8078AFC15946E /* Build configuration list for PBXNativeTarget "Backword" */ = {
			isa = XCConfigurationList;
			buildConfigurations = (
				1F5B46307120A5030FADE981 /* Debug */,
				9D1B29E51F65F4D8D9600521 /* Release */,
			);
			defaultConfigurationIsVisible = 0;
			defaultConfigurationName = Debug;
		};
		4DFA3943BD6ED929F405E917 /* Build configuration list for PBXProject "Backword" */ = {
			isa = XCConfigurationList;
			buildConfigurations = (
				8B1936F0D41E5CE84FEE702C /* Debug */,
				573F84860A3E123E6F5A337A /* Release */,
			);
			defaultConfigurationIsVisible = 0;
			defaultConfigurationName = Debug;
		};
		F707970D801B1C367EDBD257 /* Build configuration list for PBXNativeTarget "BackwordTests" */ = {
			isa = XCConfigurationList;
			buildConfigurations = (
				3794123F5E0061E0719A5523 /* Debug */,
				7439488237FD5F170316DD05 /* Release */,
			);
			defaultConfigurationIsVisible = 0;
			defaultConfigurationName = Debug;
		};
/* End XCConfigurationList section */

/* Begin XCRemoteSwiftPackageReference section */
		05F1E1A22FFCFD9300F1E1A5 /* XCRemoteSwiftPackageReference "firebase-ios-sdk" */ = {
			isa = XCRemoteSwiftPackageReference;
			repositoryURL = "https://github.com/firebase/firebase-ios-sdk";
			requirement = {
				kind = upToNextMajorVersion;
				minimumVersion = 12.14.0;
			};
		};
		86FAA15A2FB9BA750022EFF6 /* XCRemoteSwiftPackageReference "supabase-swift" */ = {
			isa = XCRemoteSwiftPackageReference;
			repositoryURL = "https://github.com/supabase-community/supabase-swift.git";
			requirement = {
				kind = upToNextMajorVersion;
				minimumVersion = 2.5.1;
			};
		};
		92AE2339B0D3055DBBC232EC /* XCRemoteSwiftPackageReference "swift-package-manager-google-mobile-ads" */ = {
			isa = XCRemoteSwiftPackageReference;
			repositoryURL = "https://github.com/googleads/swift-package-manager-google-mobile-ads";
			requirement = {
				kind = upToNextMajorVersion;
				minimumVersion = 13.0.0;
			};
		};
		05AD00052FFD000000000001 /* XCRemoteSwiftPackageReference "swift-package-manager-google-user-messaging-platform" */ = {
			isa = XCRemoteSwiftPackageReference;
			repositoryURL = "https://github.com/googleads/swift-package-manager-google-user-messaging-platform.git";
			requirement = {
				kind = upToNextMajorVersion;
				minimumVersion = 3.1.0;
			};
		};
/* End XCRemoteSwiftPackageReference section */

/* Begin XCSwiftPackageProductDependency section */
		05F1E1A32FFCFD9300F1E1A5 /* FirebaseCore */ = {
			isa = XCSwiftPackageProductDependency;
			package = 05F1E1A22FFCFD9300F1E1A5 /* XCRemoteSwiftPackageReference "firebase-ios-sdk" */;
			productName = FirebaseCore;
		};
		05F1E1A42FFCFD9300F1E1A5 /* FirebaseAnalytics */ = {
			isa = XCSwiftPackageProductDependency;
			package = 05F1E1A22FFCFD9300F1E1A5 /* XCRemoteSwiftPackageReference "firebase-ios-sdk" */;
			productName = FirebaseAnalytics;
		};
		86F02E452FB9BE220083B752 /* Supabase */ = {
			isa = XCSwiftPackageProductDependency;
			package = 86FAA15A2FB9BA750022EFF6 /* XCRemoteSwiftPackageReference "supabase-swift" */;
			productName = Supabase;
		};
		9919F8A6B05C3D85B7C8E63E /* GoogleMobileAds */ = {
			isa = XCSwiftPackageProductDependency;
			package = 92AE2339B0D3055DBBC232EC /* XCRemoteSwiftPackageReference "swift-package-manager-google-mobile-ads" */;
			productName = GoogleMobileAds;
		};
		05AD00062FFD000000000001 /* GoogleUserMessagingPlatform */ = {
			isa = XCSwiftPackageProductDependency;
			package = 05AD00052FFD000000000001 /* XCRemoteSwiftPackageReference "swift-package-manager-google-user-messaging-platform" */;
			productName = GoogleUserMessagingPlatform;
		};
/* End XCSwiftPackageProductDependency section */
	};
	rootObject = D93CF7FB3A0A88AE426BE935 /* Project object */;
}
